// !$*UTF8*$!
{
	archiveVersion = 1;
	classes = {
	};
	objectVersion = 46;
	objects = {

/* Begin PBXBuildFile section */
		14D3778C1EF0C9D700534A23 /* AppDelegate.swift in Sources */ = {isa = PBXBuildFile; fileRef = 14D3778B1EF0C9D700534A23 /* AppDelegate.swift */; };
		14D377911EF0C9D700534A23 /* Main.storyboard in Resources */ = {isa = PBXBuildFile; fileRef = 14D3778F1EF0C9D700534A23 /* Main.storyboard */; };
		14D377931EF0C9D700534A23 /* Assets.xcassets in Resources */ = {isa = PBXBuildFile; fileRef = 14D377921EF0C9D700534A23 /* Assets.xcassets */; };
		14D377961EF0C9D700534A23 /* LaunchScreen.storyboard in Resources */ = {isa = PBXBuildFile; fileRef = 14D377941EF0C9D700534A23 /* LaunchScreen.storyboard */; };
		14D3779E1EF0CA6400534A23 /* PropertySample.swift in Sources */ = {isa = PBXBuildFile; fileRef = 14D3779D1EF0CA6400534A23 /* PropertySample.swift */; };
		14D377A01EF0CB2100534A23 /* ViewController.swift in Sources */ = {isa = PBXBuildFile; fileRef = 14D3779F1EF0CB2100534A23 /* ViewController.swift */; };
/* End PBXBuildFile section */

/* Begin PBXFileReference section */
		14D377881EF0C9D700534A23 /* PropertySample.app */ = {isa = PBXFileReference; explicitFileType = wrapper.application; includeInIndex = 0; path = PropertySample.app; sourceTree = BUILT_PRODUCTS_DIR; };
		14D3778B1EF0C9D700534A23 /* AppDelegate.swift */ = {isa = PBXFileReference; lastKnownFileType = sourcecode.swift; path = AppDelegate.swift; sourceTree = "<group>"; };
		14D377901EF0C9D700534A23 /* Base */ = {isa = PBXFileReference; lastKnownFileType = file.storyboard; name = Base; path = Base.lproj/Main.storyboard; sourceTree = "<group>"; };
		14D377921EF0C9D700534A23 /* Assets.xcassets */ = {isa = PBXFileReference; lastKnownFileType = folder.assetcatalog; path = Assets.xcassets; sourceTree = "<group>"; };
		14D377951EF0C9D700534A23 /* Base */ = {isa = PBXFileReference; lastKnownFileType = file.storyboard; name = Base; path = Base.lproj/LaunchScreen.storyboard; sourceTree = "<group>"; };
		14D377971EF0C9D700534A23 /* Info.plist */ = {isa = PBXFileReference; lastKnownFileType = text.plist.xml; path = Info.plist; sourceTree = "<group>"; };
		14D3779D1EF0CA6400534A23 /* PropertySample.swift */ = {isa = PBXFileReference; fileEncoding = 4; lastKnownFileType = sourcecode.swift; path = PropertySample.swift; sourceTree = "<group>"; };
		14D3779F1EF0CB2100534A23 /* ViewController.swift */ = {isa = PBXFileReference; fileEncoding = 4; lastKnownFileType = sourcecode.swift; name = ViewController.swift; path = ../ViewController.swift; sourceTree = "<group>"; };
/* End PBXFileReference section */

/* Begin PBXFrameworksBuildPhase section */
		14D377851EF0C9D700534A23 /* Frameworks */ = {
			isa = PBXFrameworksBuildPhase;
			buildActionMask = 2147483647;
			files = (
			);
			runOnlyForDeploymentPostprocessing = 0;
		};
/* End PBXFrameworksBuildPhase section */

/* Begin PBXGroup section */
		14D3777F1EF0C9D700534A23 = {
			isa = PBXGroup;
			children = (
				14D3778A1EF0C9D700534A23 /* PropertySample */,
				14D377891EF0C9D700534A23 /* Products */,
			);
			sourceTree = "<group>";
		};
		14D377891EF0C9D700534A23 /* Products */ = {
			isa = PBXGroup;
			children = (
				14D377881EF0C9D700534A23 /* PropertySample.app */,
			);
			name = Products;
			sourceTree = "<group>";
		};
		14D3778A1EF0C9D700534A23 /* PropertySample */ = {
			isa = PBXGroup;
			children = (
				14D3778B1EF0C9D700534A23 /* AppDelegate.swift */,
				14D3779F1EF0CB2100534A23 /* ViewController.swift */,
				14D3779D1EF0CA6400534A23 /* PropertySample.swift */,
				14D3778F1EF0C9D700534A23 /* Main.storyboard */,
				14D377921EF0C9D700534A23 /* Assets.xcassets */,
				14D377941EF0C9D700534A23 /* LaunchScreen.storyboard */,
				14D377971EF0C9D700534A23 /* Info.plist */,
			);
			path = PropertySample;
			sourceTree = "<group>";
		};
/* End PBXGroup section */

/* Begin PBXNativeTarget section */
		14D377871EF0C9D700534A23 /* PropertySample */ = {
			isa = PBXNativeTarget;
			buildConfigurationList = 14D3779A1EF0C9D700534A23 /* Build configuration list for PBXNativeTarget "PropertySample" */;
			buildPhases = (
				14D377841EF0C9D700534A23 /* Sources */,
				14D377851EF0C9D700534A23 /* Frameworks */,
				14D377861EF0C9D700534A23 /* Resources */,
			);
			buildRules = (
			);
			dependencies = (
			);
			name = PropertySample;
			productName = PropertySample;
			productReference = 14D377881EF0C9D700534A23 /* PropertySample.app */;
			productType = "com.apple.product-type.application";
		};
/* End PBXNativeTarget section */

/* Begin PBXProject section */
		14D377801EF0C9D700534A23 /* Project object */ = {
			isa = PBXProject;
			attributes = {
				LastSwiftUpdateCheck = 0830;
				LastUpgradeCheck = 0830;
				ORGANIZATIONNAME = IosCamp;
				TargetAttributes = {
					14D377871EF0C9D700534A23 = {
						CreatedOnToolsVersion = 8.3.3;
						ProvisioningStyle = Automatic;
					};
				};
			};
			buildConfigurationList = 14D377831EF0C9D700534A23 /* Build configuration list for PBXProject "PropertySample" */;
			compatibilityVersion = "Xcode 3.2";
			developmentRegion = English;
			hasScannedForEncodings = 0;
			knownRegions = (
				en,
				Base,
			);
			mainGroup = 14D3777F1EF0C9D700534A23;
			productRefGroup = 14D377891EF0C9D700534A23 /* Products */;
			projectDirPath = "";
			projectRoot = "";
			targets = (
				14D377871EF0C9D700534A23 /* PropertySample */,
			);
		};
/* End PBXProject section */

/* Begin PBXResourcesBuildPhase section */
		14D377861EF0C9D700534A23 /* Resources */ = {
			isa = PBXResourcesBuildPhase;
			buildActionMask = 2147483647;
			files = (
				14D377961EF0C9D700534A23 /* LaunchScreen.storyboard in Resources */,
				14D377931EF0C9D700534A23 /* Assets.xcassets in Resources */,
				14D377911EF0C9D700534A23 /* Main.storyboard in Resources */,
			);
			runOnlyForDeploymentPostprocessing = 0;
		};
/* End PBXResourcesBuildPhase section */

/* Begin PBXSourcesBuildPhase section */
		14D377841EF0C9D700534A23 /* Sources */ = {
			isa = PBXSourcesBuildPhase;
			buildActionMask = 2147483647;
			files = (
				14D377A01EF0CB2100534A23 /* ViewController.swift in Sources */,
				14D3779E1EF0CA6400534A23 /* PropertySample.swift in Sources */,
				14D3778C1EF0C9D700534A23 /* AppDelegate.swift in Sources */,
			);
			runOnlyForDeploymentPostprocessing = 0;
		};
/* End PBXSourcesBuildPhase section */

/* Begin PBXVariantGroup section */
		14D3778F1EF0C9D700534A23 /* Main.storyboard */ = {
			isa = PBXVariantGroup;
			children = (
				14D377901EF0C9D700534A23 /* Base */,
			);
			name = Main.storyboard;
			sourceTree = "<group>";
		};
		14D377941EF0C9D700534A23 /* LaunchScreen.storyboard */ = {
			isa = PBXVariantGroup;
			children = (
				14D377951EF0C9D700534A23 /* Base */,
			);
			name = LaunchScreen.storyboard;
			sourceTree = "<group>";
		};
/* End PBXVariantGroup section */

/* Begin XCBuildConfiguration section */
		14D377981EF0C9D700534A23 /* Debug */ = {
			isa = XCBuildConfiguration;
			buildSettings = {
				ALWAYS_SEARCH_USER_PATHS = NO;
				CLANG_ANALYZER_NONNULL = YES;
				CLANG_ANALYZER_NUMBER_OBJECT_CONVERSION = YES_AGGRESSIVE;
				CLANG_CXX_LANGUAGE_STANDARD = "gnu++0x";
				CLANG_CXX_LIBRARY = "libc++";
				CLANG_ENABLE_MODULES = YES;
				CLANG_ENABLE_OBJC_ARC = YES;
				CLANG_WARN_BOOL_CONVERSION = YES;
				CLANG_WARN_CONSTANT_CONVERSION = YES;
				CLANG_WARN_DIRECT_OBJC_ISA_USAGE = YES_ERROR;
				CLANG_WARN_DOCUMENTATION_COMMENTS = YES;
				CLANG_WARN_EMPTY_BODY = YES;
				CLANG_WARN_ENUM_CONVERSION = YES;
				CLANG_WARN_INFINITE_RECURSION = YES;
				CLANG_WARN_INT_CONVERSION = YES;
				CLANG_WARN_OBJC_ROOT_CLASS = YES_ERROR;
				CLANG_WARN_SUSPICIOUS_MOVE = YES;
				CLANG_WARN_UNREACHABLE_CODE = YES;
				CLANG_WARN__DUPLICATE_METHOD_MATCH = YES;
				"CODE_SIGN_IDENTITY[sdk=iphoneos*]" = "iPhone Developer";
				COPY_PHASE_STRIP = NO;
				DEBUG_INFORMATION_FORMAT = dwarf;
				ENABLE_STRICT_OBJC_MSGSEND = YES;
				ENABLE_TESTABILITY = YES;
				GCC_C_LANGUAGE_STANDARD = gnu99;
				GCC_DYNAMIC_NO_PIC = NO;
				GCC_NO_COMMON_BLOCKS = YES;
				GCC_OPTIMIZATION_LEVEL = 0;
				GCC_PREPROCESSOR_DEFINITIONS = (
					"DEBUG=1",
					"$(inherited)",
				);
				GCC_WARN_64_TO_32_BIT_CONVERSION = YES;
				GCC_WARN_ABOUT_RETURN_TYPE = YES_ERROR;
				GCC_WARN_UNDECLARED_SELECTOR = YES;
				GCC_WARN_UNINITIALIZED_AUTOS = YES_AGGRESSIVE;
				GCC_WARN_UNUSED_FUNCTION = YES;
				GCC_WARN_UNUSED_VARIABLE = YES;
				IPHONEOS_DEPLOYMENT_TARGET = 10.3;
				MTL_ENABLE_DEBUG_INFO = YES;
				ONLY_ACTIVE_ARCH = YES;
				SDKROOT = iphoneos;
				SWIFT_ACTIVE_COMPILATION_CONDITIONS = DEBUG;
				SWIFT_OPTIMIZATION_LEVEL = "-Onone";
			};
			name = Debug;
		};
		14D377991EF0C9D700534A23 /* Release */ = {
			isa = XCBuildConfiguration;
			buildSettings = {
				ALWAYS_SEARCH_USER_PATHS = NO;
				CLANG_ANALYZER_NONNULL = YES;
				CLANG_ANALYZER_NUMBER_OBJECT_CONVERSION = YES_AGGRESSIVE;
				CLANG_CXX_LANGUAGE_STANDARD = "gnu++0x";
				CLANG_CXX_LIBRARY = "libc++";
				CLANG_ENABLE_MODULES = YES;
				CLANG_ENABLE_OBJC_ARC = YES;
				CLANG_WARN_BOOL_CONVERSION = YES;
				CLANG_WARN_CONSTANT_CONVERSION = YES;
				CLANG_WARN_DIRECT_OBJC_ISA_USAGE = YES_ERROR;
				CLANG_WARN_DOCUMENTATION_COMMENTS = YES;
				CLANG_WARN_EMPTY_BODY = YES;
				CLANG_WARN_ENUM_CONVERSION = YES;
				CLANG_WARN_INFINITE_RECURSION = YES;
				CLANG_WARN_INT_CONVERSION = YES;
				CLANG_WARN_OBJC_ROOT_CLASS = YES_ERROR;
				CLANG_WARN_SUSPICIOUS_MOVE = YES;
				CLANG_WARN_UNREACHABLE_CODE = YES;
				CLANG_WARN__DUPLICATE_METHOD_MATCH = YES;
				"CODE_SIGN_IDENTITY[sdk=iphoneos*]" = "iPhone Developer";
				COPY_PHASE_STRIP = NO;
				DEBUG_INFORMATION_FORMAT = "dwarf-with-dsym";
				ENABLE_NS_ASSERTIONS = NO;
				ENABLE_STRICT_OBJC_MSGSEND = YES;
				GCC_C_LANGUAGE_STANDARD = gnu99;
				GCC_NO_COMMON_BLOCKS = YES;
				GCC_WARN_64_TO_32_BIT_CONVERSION = YES;
				GCC_WARN_ABOUT_RETURN_TYPE = YES_ERROR;
				GCC_WARN_UNDECLARED_SELECTOR = YES;
				GCC_WARN_UNINITIALIZED_AUTOS = YES_AGGRESSIVE;
				GCC_WARN_UNUSED_FUNCTION = YES;
				GCC_WARN_UNUSED_VARIABLE = YES;
				IPHONEOS_DEPLOYMENT_TARGET = 10.3;
				MTL_ENABLE_DEBUG_INFO = NO;
				SDKROOT = iphoneos;
				SWIFT_OPTIMIZATION_LEVEL = "-Owholemodule";
				VALIDATE_PRODUCT = YES;
			};
			name = Release;
		};
		14D3779B1EF0C9D700534A23 /* Debug */ = {
			isa = XCBuildConfiguration;
			buildSettings = {
				ASSETCATALOG_COMPILER_APPICON_NAME = AppIcon;
				INFOPLIST_FILE = PropertySample/Info.plist;
				LD_RUNPATH_SEARCH_PATHS = "$(inherited) @executable_path/Frameworks";
				PRODUCT_BUNDLE_IDENTIFIER = com.example.PropertySample;
				PRODUCT_NAME = "$(TARGET_NAME)";
				SWIFT_VERSION = 3.0;
			};
			name = Debug;
		};
		14D3779C1EF0C9D700534A23 /* Release */ = {
			isa = XCBuildConfiguration;
			buildSettings = {
				ASSETCATALOG_COMPILER_APPICON_NAME = AppIcon;
				INFOPLIST_FILE = PropertySample/Info.plist;
				LD_RUNPATH_SEARCH_PATHS = "$(inherited) @executable_path/Frameworks";
				PRODUCT_BUNDLE_IDENTIFIER = com.example.PropertySample;
				PRODUCT_NAME = "$(TARGET_NAME)";
				SWIFT_VERSION = 3.0;
			};
			name = Release;
		};
/* End XCBuildConfiguration section */

/* Begin XCConfigurationList section */
		14D377831EF0C9D700534A23 /* Build configuration list for PBXProject "PropertySample" */ = {
			isa = XCConfigurationList;
			buildConfigurations = (
				14D377981EF0C9D700534A23 /* Debug */,
				14D377991EF0C9D700534A23 /* Release */,
			);
			defaultConfigurationIsVisible = 0;
			defaultConfigurationName = Release;
		};
		14D3779A1EF0C9D700534A23 /* Build configuration list for PBXNativeTarget "PropertySample" */ = {
			isa = XCConfigurationList;
			buildConfigurations = (
				14D3779B1EF0C9D700534A23 /* Debug */,
				14D3779C1EF0C9D700534A23 /* Release */,
			);
			defaultConfigurationIsVisible = 0;
		};
/* End XCConfigurationList section */
	};
	rootObject = 14D377801EF0C9D700534A23 /* Project object */;
}
