// !$*UTF8*$!
{
	archiveVersion = 1;
	classes = {
	};
	objectVersion = 46;
	objects = {

/* Begin PBXBuildFile section */
		1477951C1ECC10D5003CBC8E /* AppDelegate.swift in Sources */ = {isa = PBXBuildFile; fileRef = 1477951B1ECC10D5003CBC8E /* AppDelegate.swift */; };
		1477951E1ECC10D5003CBC8E /* ViewController.swift in Sources */ = {isa = PBXBuildFile; fileRef = 1477951D1ECC10D5003CBC8E /* ViewController.swift */; };
		147795211ECC10D5003CBC8E /* Main.storyboard in Resources */ = {isa = PBXBuildFile; fileRef = 1477951F1ECC10D5003CBC8E /* Main.storyboard */; };
		147795231ECC10D5003CBC8E /* Assets.xcassets in Resources */ = {isa = PBXBuildFile; fileRef = 147795221ECC10D5003CBC8E /* Assets.xcassets */; };
		147795261ECC10D5003CBC8E /* LaunchScreen.storyboard in Resources */ = {isa = PBXBuildFile; fileRef = 147795241ECC10D5003CBC8E /* LaunchScreen.storyboard */; };
/* End PBXBuildFile section */

/* Begin PBXFileReference section */
		147795181ECC10D5003CBC8E /* friendList.app */ = {isa = PBXFileReference; explicitFileType = wrapper.application; includeInIndex = 0; path = friendList.app; sourceTree = BUILT_PRODUCTS_DIR; };
		1477951B1ECC10D5003CBC8E /* AppDelegate.swift */ = {isa = PBXFileReference; lastKnownFileType = sourcecode.swift; path = AppDelegate.swift; sourceTree = "<group>"; };
		1477951D1ECC10D5003CBC8E /* ViewController.swift */ = {isa = PBXFileReference; lastKnownFileType = sourcecode.swift; path = ViewController.swift; sourceTree = "<group>"; };
		147795201ECC10D5003CBC8E /* Base */ = {isa = PBXFileReference; lastKnownFileType = file.storyboard; name = Base; path = Base.lproj/Main.storyboard; sourceTree = "<group>"; };
		147795221ECC10D5003CBC8E /* Assets.xcassets */ = {isa = PBXFileReference; lastKnownFileType = folder.assetcatalog; path = Assets.xcassets; sourceTree = "<group>"; };
		147795251ECC10D5003CBC8E /* Base */ = {isa = PBXFileReference; lastKnownFileType = file.storyboard; name = Base; path = Base.lproj/LaunchScreen.storyboard; sourceTree = "<group>"; };
		147795271ECC10D5003CBC8E /* Info.plist */ = {isa = PBXFileReference; lastKnownFileType = text.plist.xml; path = Info.plist; sourceTree = "<group>"; };
/* End PBXFileReference section */

/* Begin PBXFrameworksBuildPhase section */
		147795151ECC10D5003CBC8E /* Frameworks */ = {
			isa = PBXFrameworksBuildPhase;
			buildActionMask = 2147483647;
			files = (
			);
			runOnlyForDeploymentPostprocessing = 0;
		};
/* End PBXFrameworksBuildPhase section */

/* Begin PBXGroup section */
		1477950F1ECC10D5003CBC8E = {
			isa = PBXGroup;
			children = (
				1477951A1ECC10D5003CBC8E /* friendList */,
				147795191ECC10D5003CBC8E /* Products */,
			);
			sourceTree = "<group>";
		};
		147795191ECC10D5003CBC8E /* Products */ = {
			isa = PBXGroup;
			children = (
				147795181ECC10D5003CBC8E /* friendList.app */,
			);
			name = Products;
			sourceTree = "<group>";
		};
		1477951A1ECC10D5003CBC8E /* friendList */ = {
			isa = PBXGroup;
			children = (
				1477951B1ECC10D5003CBC8E /* AppDelegate.swift */,
				1477951D1ECC10D5003CBC8E /* ViewController.swift */,
				1477951F1ECC10D5003CBC8E /* Main.storyboard */,
				147795221ECC10D5003CBC8E /* Assets.xcassets */,
				147795241ECC10D5003CBC8E /* LaunchScreen.storyboard */,
				147795271ECC10D5003CBC8E /* Info.plist */,
			);
			path = friendList;
			sourceTree = "<group>";
		};
/* End PBXGroup section */

/* Begin PBXNativeTarget section */
		147795171ECC10D5003CBC8E /* friendList */ = {
			isa = PBXNativeTarget;
			buildConfigurationList = 1477952A1ECC10D5003CBC8E /* Build configuration list for PBXNativeTarget "friendList" */;
			buildPhases = (
				147795141ECC10D5003CBC8E /* Sources */,
				147795151ECC10D5003CBC8E /* Frameworks */,
				147795161ECC10D5003CBC8E /* Resources */,
			);
			buildRules = (
			);
			dependencies = (
			);
			name = friendList;
			productName = friendList;
			productReference = 147795181ECC10D5003CBC8E /* friendList.app */;
			productType = "com.apple.product-type.application";
		};
/* End PBXNativeTarget section */

/* Begin PBXProject section */
		147795101ECC10D5003CBC8E /* Project object */ = {
			isa = PBXProject;
			attributes = {
				LastSwiftUpdateCheck = 0830;
				LastUpgradeCheck = 0830;
				ORGANIZATIONNAME = IosCamp;
				TargetAttributes = {
					147795171ECC10D5003CBC8E = {
						CreatedOnToolsVersion = 8.3.2;
						ProvisioningStyle = Automatic;
					};
				};
			};
			buildConfigurationList = 147795131ECC10D5003CBC8E /* Build configuration list for PBXProject "friendList" */;
			compatibilityVersion = "Xcode 3.2";
			developmentRegion = English;
			hasScannedForEncodings = 0;
			knownRegions = (
				en,
				Base,
			);
			mainGroup = 1477950F1ECC10D5003CBC8E;
			productRefGroup = 147795191ECC10D5003CBC8E /* Products */;
			projectDirPath = "";
			projectRoot = "";
			targets = (
				147795171ECC10D5003CBC8E /* friendList */,
			);
		};
/* End PBXProject section */

/* Begin PBXResourcesBuildPhase section */
		147795161ECC10D5003CBC8E /* Resources */ = {
			isa = PBXResourcesBuildPhase;
			buildActionMask = 2147483647;
			files = (
				147795261ECC10D5003CBC8E /* LaunchScreen.storyboard in Resources */,
				147795231ECC10D5003CBC8E /* Assets.xcassets in Resources */,
				147795211ECC10D5003CBC8E /* Main.storyboard in Resources */,
			);
			runOnlyForDeploymentPostprocessing = 0;
		};
/* End PBXResourcesBuildPhase section */

/* Begin PBXSourcesBuildPhase section */
		147795141ECC10D5003CBC8E /* Sources */ = {
			isa = PBXSourcesBuildPhase;
			buildActionMask = 2147483647;
			files = (
				1477951E1ECC10D5003CBC8E /* ViewController.swift in Sources */,
				1477951C1ECC10D5003CBC8E /* AppDelegate.swift in Sources */,
			);
			runOnlyForDeploymentPostprocessing = 0;
		};
/* End PBXSourcesBuildPhase section */

/* Begin PBXVariantGroup section */
		1477951F1ECC10D5003CBC8E /* Main.storyboard */ = {
			isa = PBXVariantGroup;
			children = (
				147795201ECC10D5003CBC8E /* Base */,
			);
			name = Main.storyboard;
			sourceTree = "<group>";
		};
		147795241ECC10D5003CBC8E /* LaunchScreen.storyboard */ = {
			isa = PBXVariantGroup;
			children = (
				147795251ECC10D5003CBC8E /* Base */,
			);
			name = LaunchScreen.storyboard;
			sourceTree = "<group>";
		};
/* End PBXVariantGroup section */

/* Begin XCBuildConfiguration section */
		147795281ECC10D5003CBC8E /* Debug */ = {
			isa = XCBuildConfiguration;
			buildSettings = {
				ALWAYS_SEARCH_USER_PATHS = NO;
				CLANG_ANALYZER_NONNULL = YES;
				CLANG_ANALYZER_NUMBER_OBJECT_CONVERSION = YES_AGGRESSIVE;
				CLANG_CXX_LANGUAGE_STANDARD = "gnu++0x";
				CLANG_CXX_LIBRARY = "libc++";
				CLANG_ENABLE_MODULES = YES;
				CLANG_ENABLE_OBJC_ARC = YES;
				CLANG_WARN_BOOL_CONVERSION = YES;
				CLANG_WARN_CONSTANT_CONVERSION = YES;
				CLANG_WARN_DIRECT_OBJC_ISA_USAGE = YES_ERROR;
				CLANG_WARN_DOCUMENTATION_COMMENTS = YES;
				CLANG_WARN_EMPTY_BODY = YES;
				CLANG_WARN_ENUM_CONVERSION = YES;
				CLANG_WARN_INFINITE_RECURSION = YES;
				CLANG_WARN_INT_CONVERSION = YES;
				CLANG_WARN_OBJC_ROOT_CLASS = YES_ERROR;
				CLANG_WARN_SUSPICIOUS_MOVE = YES;
				CLANG_WARN_UNREACHABLE_CODE = YES;
				CLANG_WARN__DUPLICATE_METHOD_MATCH = YES;
				"CODE_SIGN_IDENTITY[sdk=iphoneos*]" = "iPhone Developer";
				COPY_PHASE_STRIP = NO;
				DEBUG_INFORMATION_FORMAT = dwarf;
				ENABLE_STRICT_OBJC_MSGSEND = YES;
				ENABLE_TESTABILITY = YES;
				GCC_C_LANGUAGE_STANDARD = gnu99;
				GCC_DYNAMIC_NO_PIC = NO;
				GCC_NO_COMMON_BLOCKS = YES;
				GCC_OPTIMIZATION_LEVEL = 0;
				GCC_PREPROCESSOR_DEFINITIONS = (
					"DEBUG=1",
					"$(inherited)",
				);
				GCC_WARN_64_TO_32_BIT_CONVERSION = YES;
				GCC_WARN_ABOUT_RETURN_TYPE = YES_ERROR;
				GCC_WARN_UNDECLARED_SELECTOR = YES;
				GCC_WARN_UNINITIALIZED_AUTOS = YES_AGGRESSIVE;
				GCC_WARN_UNUSED_FUNCTION = YES;
				GCC_WARN_UNUSED_VARIABLE = YES;
				IPHONEOS_DEPLOYMENT_TARGET = 10.3;
				MTL_ENABLE_DEBUG_INFO = YES;
				ONLY_ACTIVE_ARCH = YES;
				SDKROOT = iphoneos;
				SWIFT_ACTIVE_COMPILATION_CONDITIONS = DEBUG;
				SWIFT_OPTIMIZATION_LEVEL = "-Onone";
			};
			name = Debug;
		};
		147795291ECC10D5003CBC8E /* Release */ = {
			isa = XCBuildConfiguration;
			buildSettings = {
				ALWAYS_SEARCH_USER_PATHS = NO;
				CLANG_ANALYZER_NONNULL = YES;
				CLANG_ANALYZER_NUMBER_OBJECT_CONVERSION = YES_AGGRESSIVE;
				CLANG_CXX_LANGUAGE_STANDARD = "gnu++0x";
				CLANG_CXX_LIBRARY = "libc++";
				CLANG_ENABLE_MODULES = YES;
				CLANG_ENABLE_OBJC_ARC = YES;
				CLANG_WARN_BOOL_CONVERSION = YES;
				CLANG_WARN_CONSTANT_CONVERSION = YES;
				CLANG_WARN_DIRECT_OBJC_ISA_USAGE = YES_ERROR;
				CLANG_WARN_DOCUMENTATION_COMMENTS = YES;
				CLANG_WARN_EMPTY_BODY = YES;
				CLANG_WARN_ENUM_CONVERSION = YES;
				CLANG_WARN_INFINITE_RECURSION = YES;
				CLANG_WARN_INT_CONVERSION = YES;
				CLANG_WARN_OBJC_ROOT_CLASS = YES_ERROR;
				CLANG_WARN_SUSPICIOUS_MOVE = YES;
				CLANG_WARN_UNREACHABLE_CODE = YES;
				CLANG_WARN__DUPLICATE_METHOD_MATCH = YES;
				"CODE_SIGN_IDENTITY[sdk=iphoneos*]" = "iPhone Developer";
				COPY_PHASE_STRIP = NO;
				DEBUG_INFORMATION_FORMAT = "dwarf-with-dsym";
				ENABLE_NS_ASSERTIONS = NO;
				ENABLE_STRICT_OBJC_MSGSEND = YES;
				GCC_C_LANGUAGE_STANDARD = gnu99;
				GCC_NO_COMMON_BLOCKS = YES;
				GCC_WARN_64_TO_32_BIT_CONVERSION = YES;
				GCC_WARN_ABOUT_RETURN_TYPE = YES_ERROR;
				GCC_WARN_UNDECLARED_SELECTOR = YES;
				GCC_WARN_UNINITIALIZED_AUTOS = YES_AGGRESSIVE;
				GCC_WARN_UNUSED_FUNCTION = YES;
				GCC_WARN_UNUSED_VARIABLE = YES;
				IPHONEOS_DEPLOYMENT_TARGET = 10.3;
				MTL_ENABLE_DEBUG_INFO = NO;
				SDKROOT = iphoneos;
				SWIFT_OPTIMIZATION_LEVEL = "-Owholemodule";
				VALIDATE_PRODUCT = YES;
			};
			name = Release;
		};
		1477952B1ECC10D5003CBC8E /* Debug */ = {
			isa = XCBuildConfiguration;
			buildSettings = {
				ASSETCATALOG_COMPILER_APPICON_NAME = AppIcon;
				INFOPLIST_FILE = friendList/Info.plist;
				LD_RUNPATH_SEARCH_PATHS = "$(inherited) @executable_path/Frameworks";
				PRODUCT_BUNDLE_IDENTIFIER = com.example.friendList;
				PRODUCT_NAME = "$(TARGET_NAME)";
				SWIFT_VERSION = 3.0;
			};
			name = Debug;
		};
		1477952C1ECC10D5003CBC8E /* Release */ = {
			isa = XCBuildConfiguration;
			buildSettings = {
				ASSETCATALOG_COMPILER_APPICON_NAME = AppIcon;
				INFOPLIST_FILE = friendList/Info.plist;
				LD_RUNPATH_SEARCH_PATHS = "$(inherited) @executable_path/Frameworks";
				PRODUCT_BUNDLE_IDENTIFIER = com.example.friendList;
				PRODUCT_NAME = "$(TARGET_NAME)";
				SWIFT_VERSION = 3.0;
			};
			name = Release;
		};
/* End XCBuildConfiguration section */

/* Begin XCConfigurationList section */
		147795131ECC10D5003CBC8E /* Build configuration list for PBXProject "friendList" */ = {
			isa = XCConfigurationList;
			buildConfigurations = (
				147795281ECC10D5003CBC8E /* Debug */,
				147795291ECC10D5003CBC8E /* Release */,
			);
			defaultConfigurationIsVisible = 0;
			defaultConfigurationName = Release;
		};
		1477952A1ECC10D5003CBC8E /* Build configuration list for PBXNativeTarget "friendList" */ = {
			isa = XCConfigurationList;
			buildConfigurations = (
				1477952B1ECC10D5003CBC8E /* Debug */,
				1477952C1ECC10D5003CBC8E /* Release */,
			);
			defaultConfigurationIsVisible = 0;
		};
/* End XCConfigurationList section */
	};
	rootObject = 147795101ECC10D5003CBC8E /* Project object */;
}
