// !$*UTF8*$!
{
	archiveVersion = 1;
	classes = {
	};
	objectVersion = 46;
	objects = {

/* Begin PBXBuildFile section */
		1453FD9D1F03575300897DAF /* AppDelegate.swift in Sources */ = {isa = PBXBuildFile; fileRef = 1453FD9C1F03575300897DAF /* AppDelegate.swift */; };
		1453FD9F1F03575300897DAF /* ViewController.swift in Sources */ = {isa = PBXBuildFile; fileRef = 1453FD9E1F03575300897DAF /* ViewController.swift */; };
		1453FDA21F03575300897DAF /* Main.storyboard in Resources */ = {isa = PBXBuildFile; fileRef = 1453FDA01F03575300897DAF /* Main.storyboard */; };
		1453FDA41F03575300897DAF /* Assets.xcassets in Resources */ = {isa = PBXBuildFile; fileRef = 1453FDA31F03575300897DAF /* Assets.xcassets */; };
		1453FDA71F03575300897DAF /* LaunchScreen.storyboard in Resources */ = {isa = PBXBuildFile; fileRef = 1453FDA51F03575300897DAF /* LaunchScreen.storyboard */; };
		1453FDB11F035B6E00897DAF /* Then.framework in Frameworks */ = {isa = PBXBuildFile; fileRef = 1453FDB01F035B6E00897DAF /* Then.framework */; };
		1453FDB31F03719800897DAF /* Realm.framework in Frameworks */ = {isa = PBXBuildFile; fileRef = 1453FDB21F03719800897DAF /* Realm.framework */; };
		1453FDB51F0371BD00897DAF /* RealmSwift.framework in Frameworks */ = {isa = PBXBuildFile; fileRef = 1453FDB41F0371BD00897DAF /* RealmSwift.framework */; };
/* End PBXBuildFile section */

/* Begin PBXFileReference section */
		1453FD991F03575300897DAF /* Carthage.app */ = {isa = PBXFileReference; explicitFileType = wrapper.application; includeInIndex = 0; path = Carthage.app; sourceTree = BUILT_PRODUCTS_DIR; };
		1453FD9C1F03575300897DAF /* AppDelegate.swift */ = {isa = PBXFileReference; lastKnownFileType = sourcecode.swift; path = AppDelegate.swift; sourceTree = "<group>"; };
		1453FD9E1F03575300897DAF /* ViewController.swift */ = {isa = PBXFileReference; lastKnownFileType = sourcecode.swift; path = ViewController.swift; sourceTree = "<group>"; };
		1453FDA11F03575300897DAF /* Base */ = {isa = PBXFileReference; lastKnownFileType = file.storyboard; name = Base; path = Base.lproj/Main.storyboard; sourceTree = "<group>"; };
		1453FDA31F03575300897DAF /* Assets.xcassets */ = {isa = PBXFileReference; lastKnownFileType = folder.assetcatalog; path = Assets.xcassets; sourceTree = "<group>"; };
		1453FDA61F03575300897DAF /* Base */ = {isa = PBXFileReference; lastKnownFileType = file.storyboard; name = Base; path = Base.lproj/LaunchScreen.storyboard; sourceTree = "<group>"; };
		1453FDA81F03575300897DAF /* Info.plist */ = {isa = PBXFileReference; lastKnownFileType = text.plist.xml; path = Info.plist; sourceTree = "<group>"; };
		1453FDB01F035B6E00897DAF /* Then.framework */ = {isa = PBXFileReference; lastKnownFileType = wrapper.framework; name = Then.framework; path = Carthage/Build/iOS/Then.framework; sourceTree = "<group>"; };
		1453FDB21F03719800897DAF /* Realm.framework */ = {isa = PBXFileReference; lastKnownFileType = wrapper.framework; name = Realm.framework; path = Carthage/Build/iOS/Realm.framework; sourceTree = "<group>"; };
		1453FDB41F0371BD00897DAF /* RealmSwift.framework */ = {isa = PBXFileReference; lastKnownFileType = wrapper.framework; name = RealmSwift.framework; path = Carthage/Build/iOS/RealmSwift.framework; sourceTree = "<group>"; };
/* End PBXFileReference section */

/* Begin PBXFrameworksBuildPhase section */
		1453FD961F03575300897DAF /* Frameworks */ = {
			isa = PBXFrameworksBuildPhase;
			buildActionMask = 2147483647;
			files = (
				1453FDB51F0371BD00897DAF /* RealmSwift.framework in Frameworks */,
				1453FDB31F03719800897DAF /* Realm.framework in Frameworks */,
				1453FDB11F035B6E00897DAF /* Then.framework in Frameworks */,
			);
			runOnlyForDeploymentPostprocessing = 0;
		};
/* End PBXFrameworksBuildPhase section */

/* Begin PBXGroup section */
		1453FD901F03575300897DAF = {
			isa = PBXGroup;
			children = (
				1453FD9B1F03575300897DAF /* Carthage */,
				1453FD9A1F03575300897DAF /* Products */,
				1453FDAF1F035B6E00897DAF /* Frameworks */,
			);
			sourceTree = "<group>";
		};
		1453FD9A1F03575300897DAF /* Products */ = {
			isa = PBXGroup;
			children = (
				1453FD991F03575300897DAF /* Carthage.app */,
			);
			name = Products;
			sourceTree = "<group>";
		};
		1453FD9B1F03575300897DAF /* Carthage */ = {
			isa = PBXGroup;
			children = (
				1453FD9C1F03575300897DAF /* AppDelegate.swift */,
				1453FD9E1F03575300897DAF /* ViewController.swift */,
				1453FDA01F03575300897DAF /* Main.storyboard */,
				1453FDA31F03575300897DAF /* Assets.xcassets */,
				1453FDA51F03575300897DAF /* LaunchScreen.storyboard */,
				1453FDA81F03575300897DAF /* Info.plist */,
			);
			path = Carthage;
			sourceTree = "<group>";
		};
		1453FDAF1F035B6E00897DAF /* Frameworks */ = {
			isa = PBXGroup;
			children = (
				1453FDB41F0371BD00897DAF /* RealmSwift.framework */,
				1453FDB21F03719800897DAF /* Realm.framework */,
				1453FDB01F035B6E00897DAF /* Then.framework */,
			);
			name = Frameworks;
			sourceTree = "<group>";
		};
/* End PBXGroup section */

/* Begin PBXNativeTarget section */
		1453FD981F03575300897DAF /* Carthage */ = {
			isa = PBXNativeTarget;
			buildConfigurationList = 1453FDAB1F03575300897DAF /* Build configuration list for PBXNativeTarget "Carthage" */;
			buildPhases = (
				1453FD951F03575300897DAF /* Sources */,
				1453FD961F03575300897DAF /* Frameworks */,
				1453FD971F03575300897DAF /* Resources */,
				1453FDAE1F035B1F00897DAF /* ShellScript */,
			);
			buildRules = (
			);
			dependencies = (
			);
			name = Carthage;
			productName = Carthage;
			productReference = 1453FD991F03575300897DAF /* Carthage.app */;
			productType = "com.apple.product-type.application";
		};
/* End PBXNativeTarget section */

/* Begin PBXProject section */
		1453FD911F03575300897DAF /* Project object */ = {
			isa = PBXProject;
			attributes = {
				LastSwiftUpdateCheck = 0830;
				LastUpgradeCheck = 0830;
				ORGANIZATIONNAME = IosCamp;
				TargetAttributes = {
					1453FD981F03575300897DAF = {
						CreatedOnToolsVersion = 8.3.3;
						ProvisioningStyle = Automatic;
					};
				};
			};
			buildConfigurationList = 1453FD941F03575300897DAF /* Build configuration list for PBXProject "Carthage" */;
			compatibilityVersion = "Xcode 3.2";
			developmentRegion = English;
			hasScannedForEncodings = 0;
			knownRegions = (
				en,
				Base,
			);
			mainGroup = 1453FD901F03575300897DAF;
			productRefGroup = 1453FD9A1F03575300897DAF /* Products */;
			projectDirPath = "";
			projectRoot = "";
			targets = (
				1453FD981F03575300897DAF /* Carthage */,
			);
		};
/* End PBXProject section */

/* Begin PBXResourcesBuildPhase section */
		1453FD971F03575300897DAF /* Resources */ = {
			isa = PBXResourcesBuildPhase;
			buildActionMask = 2147483647;
			files = (
				1453FDA71F03575300897DAF /* LaunchScreen.storyboard in Resources */,
				1453FDA41F03575300897DAF /* Assets.xcassets in Resources */,
				1453FDA21F03575300897DAF /* Main.storyboard in Resources */,
			);
			runOnlyForDeploymentPostprocessing = 0;
		};
/* End PBXResourcesBuildPhase section */

/* Begin PBXShellScriptBuildPhase section */
		1453FDAE1F035B1F00897DAF /* ShellScript */ = {
			isa = PBXShellScriptBuildPhase;
			buildActionMask = 2147483647;
			files = (
			);
			inputPaths = (
				"$(SRCROOT)/Carthage/Build/iOS/Then.framework",
				"$(SRCROOT)/Carthage/Build/iOS/Realm.framework",
				"$(SRCROOT)/Carthage/Build/iOS/RealmSwift.framework",
			);
			outputPaths = (
			);
			runOnlyForDeploymentPostprocessing = 0;
			shellPath = /bin/sh;
			shellScript = "/usr/local/bin/carthage copy-frameworks";
		};
/* End PBXShellScriptBuildPhase section */

/* Begin PBXSourcesBuildPhase section */
		1453FD951F03575300897DAF /* Sources */ = {
			isa = PBXSourcesBuildPhase;
			buildActionMask = 2147483647;
			files = (
				1453FD9F1F03575300897DAF /* ViewController.swift in Sources */,
				1453FD9D1F03575300897DAF /* AppDelegate.swift in Sources */,
			);
			runOnlyForDeploymentPostprocessing = 0;
		};
/* End PBXSourcesBuildPhase section */

/* Begin PBXVariantGroup section */
		1453FDA01F03575300897DAF /* Main.storyboard */ = {
			isa = PBXVariantGroup;
			children = (
				1453FDA11F03575300897DAF /* Base */,
			);
			name = Main.storyboard;
			sourceTree = "<group>";
		};
		1453FDA51F03575300897DAF /* LaunchScreen.storyboard */ = {
			isa = PBXVariantGroup;
			children = (
				1453FDA61F03575300897DAF /* Base */,
			);
			name = LaunchScreen.storyboard;
			sourceTree = "<group>";
		};
/* End PBXVariantGroup section */

/* Begin XCBuildConfiguration section */
		1453FDA91F03575300897DAF /* Debug */ = {
			isa = XCBuildConfiguration;
			buildSettings = {
				ALWAYS_SEARCH_USER_PATHS = NO;
				CLANG_ANALYZER_NONNULL = YES;
				CLANG_ANALYZER_NUMBER_OBJECT_CONVERSION = YES_AGGRESSIVE;
				CLANG_CXX_LANGUAGE_STANDARD = "gnu++0x";
				CLANG_CXX_LIBRARY = "libc++";
				CLANG_ENABLE_MODULES = YES;
				CLANG_ENABLE_OBJC_ARC = YES;
				CLANG_WARN_BOOL_CONVERSION = YES;
				CLANG_WARN_CONSTANT_CONVERSION = YES;
				CLANG_WARN_DIRECT_OBJC_ISA_USAGE = YES_ERROR;
				CLANG_WARN_DOCUMENTATION_COMMENTS = YES;
				CLANG_WARN_EMPTY_BODY = YES;
				CLANG_WARN_ENUM_CONVERSION = YES;
				CLANG_WARN_INFINITE_RECURSION = YES;
				CLANG_WARN_INT_CONVERSION = YES;
				CLANG_WARN_OBJC_ROOT_CLASS = YES_ERROR;
				CLANG_WARN_SUSPICIOUS_MOVE = YES;
				CLANG_WARN_UNREACHABLE_CODE = YES;
				CLANG_WARN__DUPLICATE_METHOD_MATCH = YES;
				"CODE_SIGN_IDENTITY[sdk=iphoneos*]" = "iPhone Developer";
				COPY_PHASE_STRIP = NO;
				DEBUG_INFORMATION_FORMAT = dwarf;
				ENABLE_STRICT_OBJC_MSGSEND = YES;
				ENABLE_TESTABILITY = YES;
				GCC_C_LANGUAGE_STANDARD = gnu99;
				GCC_DYNAMIC_NO_PIC = NO;
				GCC_NO_COMMON_BLOCKS = YES;
				GCC_OPTIMIZATION_LEVEL = 0;
				GCC_PREPROCESSOR_DEFINITIONS = (
					"DEBUG=1",
					"$(inherited)",
				);
				GCC_WARN_64_TO_32_BIT_CONVERSION = YES;
				GCC_WARN_ABOUT_RETURN_TYPE = YES_ERROR;
				GCC_WARN_UNDECLARED_SELECTOR = YES;
				GCC_WARN_UNINITIALIZED_AUTOS = YES_AGGRESSIVE;
				GCC_WARN_UNUSED_FUNCTION = YES;
				GCC_WARN_UNUSED_VARIABLE = YES;
				IPHONEOS_DEPLOYMENT_TARGET = 10.3;
				MTL_ENABLE_DEBUG_INFO = YES;
				ONLY_ACTIVE_ARCH = YES;
				SDKROOT = iphoneos;
				SWIFT_ACTIVE_COMPILATION_CONDITIONS = DEBUG;
				SWIFT_OPTIMIZATION_LEVEL = "-Onone";
			};
			name = Debug;
		};
		1453FDAA1F03575300897DAF /* Release */ = {
			isa = XCBuildConfiguration;
			buildSettings = {
				ALWAYS_SEARCH_USER_PATHS = NO;
				CLANG_ANALYZER_NONNULL = YES;
				CLANG_ANALYZER_NUMBER_OBJECT_CONVERSION = YES_AGGRESSIVE;
				CLANG_CXX_LANGUAGE_STANDARD = "gnu++0x";
				CLANG_CXX_LIBRARY = "libc++";
				CLANG_ENABLE_MODULES = YES;
				CLANG_ENABLE_OBJC_ARC = YES;
				CLANG_WARN_BOOL_CONVERSION = YES;
				CLANG_WARN_CONSTANT_CONVERSION = YES;
				CLANG_WARN_DIRECT_OBJC_ISA_USAGE = YES_ERROR;
				CLANG_WARN_DOCUMENTATION_COMMENTS = YES;
				CLANG_WARN_EMPTY_BODY = YES;
				CLANG_WARN_ENUM_CONVERSION = YES;
				CLANG_WARN_INFINITE_RECURSION = YES;
				CLANG_WARN_INT_CONVERSION = YES;
				CLANG_WARN_OBJC_ROOT_CLASS = YES_ERROR;
				CLANG_WARN_SUSPICIOUS_MOVE = YES;
				CLANG_WARN_UNREACHABLE_CODE = YES;
				CLANG_WARN__DUPLICATE_METHOD_MATCH = YES;
				"CODE_SIGN_IDENTITY[sdk=iphoneos*]" = "iPhone Developer";
				COPY_PHASE_STRIP = NO;
				DEBUG_INFORMATION_FORMAT = "dwarf-with-dsym";
				ENABLE_NS_ASSERTIONS = NO;
				ENABLE_STRICT_OBJC_MSGSEND = YES;
				GCC_C_LANGUAGE_STANDARD = gnu99;
				GCC_NO_COMMON_BLOCKS = YES;
				GCC_WARN_64_TO_32_BIT_CONVERSION = YES;
				GCC_WARN_ABOUT_RETURN_TYPE = YES_ERROR;
				GCC_WARN_UNDECLARED_SELECTOR = YES;
				GCC_WARN_UNINITIALIZED_AUTOS = YES_AGGRESSIVE;
				GCC_WARN_UNUSED_FUNCTION = YES;
				GCC_WARN_UNUSED_VARIABLE = YES;
				IPHONEOS_DEPLOYMENT_TARGET = 10.3;
				MTL_ENABLE_DEBUG_INFO = NO;
				SDKROOT = iphoneos;
				SWIFT_OPTIMIZATION_LEVEL = "-Owholemodule";
				VALIDATE_PRODUCT = YES;
			};
			name = Release;
		};
		1453FDAC1F03575300897DAF /* Debug */ = {
			isa = XCBuildConfiguration;
			buildSettings = {
				ASSETCATALOG_COMPILER_APPICON_NAME = AppIcon;
				FRAMEWORK_SEARCH_PATHS = (
					"$(inherited)",
					"$(PROJECT_DIR)/Carthage/Build/iOS",
				);
				INFOPLIST_FILE = Carthage/Info.plist;
				LD_RUNPATH_SEARCH_PATHS = "$(inherited) @executable_path/Frameworks";
				PRODUCT_BUNDLE_IDENTIFIER = com.example.Carthage;
				PRODUCT_NAME = "$(TARGET_NAME)";
				SWIFT_VERSION = 3.0;
			};
			name = Debug;
		};
		1453FDAD1F03575300897DAF /* Release */ = {
			isa = XCBuildConfiguration;
			buildSettings = {
				ASSETCATALOG_COMPILER_APPICON_NAME = AppIcon;
				FRAMEWORK_SEARCH_PATHS = (
					"$(inherited)",
					"$(PROJECT_DIR)/Carthage/Build/iOS",
				);
				INFOPLIST_FILE = Carthage/Info.plist;
				LD_RUNPATH_SEARCH_PATHS = "$(inherited) @executable_path/Frameworks";
				PRODUCT_BUNDLE_IDENTIFIER = com.example.Carthage;
				PRODUCT_NAME = "$(TARGET_NAME)";
				SWIFT_VERSION = 3.0;
			};
			name = Release;
		};
/* End XCBuildConfiguration section */

/* Begin XCConfigurationList section */
		1453FD941F03575300897DAF /* Build configuration list for PBXProject "Carthage" */ = {
			isa = XCConfigurationList;
			buildConfigurations = (
				1453FDA91F03575300897DAF /* Debug */,
				1453FDAA1F03575300897DAF /* Release */,
			);
			defaultConfigurationIsVisible = 0;
			defaultConfigurationName = Release;
		};
		1453FDAB1F03575300897DAF /* Build configuration list for PBXNativeTarget "Carthage" */ = {
			isa = XCConfigurationList;
			buildConfigurations = (
				1453FDAC1F03575300897DAF /* Debug */,
				1453FDAD1F03575300897DAF /* Release */,
			);
			defaultConfigurationIsVisible = 0;
		};
/* End XCConfigurationList section */
	};
	rootObject = 1453FD911F03575300897DAF /* Project object */;
}
