// !$*UTF8*$!
{
	archiveVersion = 1;
	classes = {
	};
	objectVersion = 46;
	objects = {

/* Begin PBXBuildFile section */
		1489D6B71EF2D9B100881476 /* LoginViewController.swift in Sources */ = {isa = PBXBuildFile; fileRef = 1489D6B61EF2D9B100881476 /* LoginViewController.swift */; };
		14D7E5A61EEC2E4E0032035A /* AppDelegate.swift in Sources */ = {isa = PBXBuildFile; fileRef = 14D7E5A51EEC2E4E0032035A /* AppDelegate.swift */; };
		14D7E5AD1EEC2E4E0032035A /* Assets.xcassets in Resources */ = {isa = PBXBuildFile; fileRef = 14D7E5AC1EEC2E4E0032035A /* Assets.xcassets */; };
		14D7E5B01EEC2E4E0032035A /* LaunchScreen.storyboard in Resources */ = {isa = PBXBuildFile; fileRef = 14D7E5AE1EEC2E4E0032035A /* LaunchScreen.storyboard */; };
		14D7E5BB1EEC31800032035A /* login.png in Resources */ = {isa = PBXBuildFile; fileRef = 14D7E5B71EEC31800032035A /* login.png */; };
		14D7E5BC1EEC31800032035A /* pineapple.png in Resources */ = {isa = PBXBuildFile; fileRef = 14D7E5B81EEC31800032035A /* pineapple.png */; };
		14D7E5BD1EEC31800032035A /* Back.png in Resources */ = {isa = PBXBuildFile; fileRef = 14D7E5B91EEC31800032035A /* Back.png */; };
		14D7E5BE1EEC31800032035A /* password.png in Resources */ = {isa = PBXBuildFile; fileRef = 14D7E5BA1EEC31800032035A /* password.png */; };
		14D7E5C71EEC36420032035A /* Main.storyboard in Resources */ = {isa = PBXBuildFile; fileRef = 14D7E5C61EEC36420032035A /* Main.storyboard */; };
		14D7E5CB1EEC36A90032035A /* SignUpViewController.swift in Sources */ = {isa = PBXBuildFile; fileRef = 14D7E5CA1EEC36A90032035A /* SignUpViewController.swift */; };
		14D7E5CD1EEC3D050032035A /* MemoTableViewController.swift in Sources */ = {isa = PBXBuildFile; fileRef = 14D7E5CC1EEC3D050032035A /* MemoTableViewController.swift */; };
		14D7E5CF1EEC3E7C0032035A /* MemoDetailViewController.swift in Sources */ = {isa = PBXBuildFile; fileRef = 14D7E5CE1EEC3E7C0032035A /* MemoDetailViewController.swift */; };
		14D7E5D11EEC40A50032035A /* Defaults.swift in Sources */ = {isa = PBXBuildFile; fileRef = 14D7E5D01EEC40A50032035A /* Defaults.swift */; };
/* End PBXBuildFile section */

/* Begin PBXFileReference section */
		1489D6B61EF2D9B100881476 /* LoginViewController.swift */ = {isa = PBXFileReference; fileEncoding = 4; lastKnownFileType = sourcecode.swift; path = LoginViewController.swift; sourceTree = "<group>"; };
		14D7E5A21EEC2E4E0032035A /* MemoApp.app */ = {isa = PBXFileReference; explicitFileType = wrapper.application; includeInIndex = 0; path = MemoApp.app; sourceTree = BUILT_PRODUCTS_DIR; };
		14D7E5A51EEC2E4E0032035A /* AppDelegate.swift */ = {isa = PBXFileReference; lastKnownFileType = sourcecode.swift; path = AppDelegate.swift; sourceTree = "<group>"; };
		14D7E5AC1EEC2E4E0032035A /* Assets.xcassets */ = {isa = PBXFileReference; lastKnownFileType = folder.assetcatalog; path = Assets.xcassets; sourceTree = "<group>"; };
		14D7E5AF1EEC2E4E0032035A /* Base */ = {isa = PBXFileReference; lastKnownFileType = file.storyboard; name = Base; path = Base.lproj/LaunchScreen.storyboard; sourceTree = "<group>"; };
		14D7E5B11EEC2E4E0032035A /* Info.plist */ = {isa = PBXFileReference; lastKnownFileType = text.plist.xml; path = Info.plist; sourceTree = "<group>"; };
		14D7E5B71EEC31800032035A /* login.png */ = {isa = PBXFileReference; lastKnownFileType = image.png; path = login.png; sourceTree = "<group>"; };
		14D7E5B81EEC31800032035A /* pineapple.png */ = {isa = PBXFileReference; lastKnownFileType = image.png; path = pineapple.png; sourceTree = "<group>"; };
		14D7E5B91EEC31800032035A /* Back.png */ = {isa = PBXFileReference; lastKnownFileType = image.png; path = Back.png; sourceTree = "<group>"; };
		14D7E5BA1EEC31800032035A /* password.png */ = {isa = PBXFileReference; lastKnownFileType = image.png; path = password.png; sourceTree = "<group>"; };
		14D7E5C61EEC36420032035A /* Main.storyboard */ = {isa = PBXFileReference; fileEncoding = 4; lastKnownFileType = file.storyboard; path = Main.storyboard; sourceTree = "<group>"; };
		14D7E5CA1EEC36A90032035A /* SignUpViewController.swift */ = {isa = PBXFileReference; fileEncoding = 4; lastKnownFileType = sourcecode.swift; path = SignUpViewController.swift; sourceTree = "<group>"; };
		14D7E5CC1EEC3D050032035A /* MemoTableViewController.swift */ = {isa = PBXFileReference; fileEncoding = 4; lastKnownFileType = sourcecode.swift; path = MemoTableViewController.swift; sourceTree = "<group>"; };
		14D7E5CE1EEC3E7C0032035A /* MemoDetailViewController.swift */ = {isa = PBXFileReference; fileEncoding = 4; lastKnownFileType = sourcecode.swift; path = MemoDetailViewController.swift; sourceTree = "<group>"; };
		14D7E5D01EEC40A50032035A /* Defaults.swift */ = {isa = PBXFileReference; fileEncoding = 4; lastKnownFileType = sourcecode.swift; path = Defaults.swift; sourceTree = "<group>"; };
/* End PBXFileReference section */

/* Begin PBXFrameworksBuildPhase section */
		14D7E59F1EEC2E4E0032035A /* Frameworks */ = {
			isa = PBXFrameworksBuildPhase;
			buildActionMask = 2147483647;
			files = (
			);
			runOnlyForDeploymentPostprocessing = 0;
		};
/* End PBXFrameworksBuildPhase section */

/* Begin PBXGroup section */
		14D7E5991EEC2E4E0032035A = {
			isa = PBXGroup;
			children = (
				14D7E5A41EEC2E4E0032035A /* MemoApp */,
				14D7E5A31EEC2E4E0032035A /* Products */,
			);
			sourceTree = "<group>";
		};
		14D7E5A31EEC2E4E0032035A /* Products */ = {
			isa = PBXGroup;
			children = (
				14D7E5A21EEC2E4E0032035A /* MemoApp.app */,
			);
			name = Products;
			sourceTree = "<group>";
		};
		14D7E5A41EEC2E4E0032035A /* MemoApp */ = {
			isa = PBXGroup;
			children = (
				14D7E5A51EEC2E4E0032035A /* AppDelegate.swift */,
				1489D6B61EF2D9B100881476 /* LoginViewController.swift */,
				14D7E5CA1EEC36A90032035A /* SignUpViewController.swift */,
				14D7E5CC1EEC3D050032035A /* MemoTableViewController.swift */,
				14D7E5CE1EEC3E7C0032035A /* MemoDetailViewController.swift */,
				14D7E5D01EEC40A50032035A /* Defaults.swift */,
				14D7E5C61EEC36420032035A /* Main.storyboard */,
				14D7E5B71EEC31800032035A /* login.png */,
				14D7E5B81EEC31800032035A /* pineapple.png */,
				14D7E5B91EEC31800032035A /* Back.png */,
				14D7E5BA1EEC31800032035A /* password.png */,
				14D7E5AC1EEC2E4E0032035A /* Assets.xcassets */,
				14D7E5AE1EEC2E4E0032035A /* LaunchScreen.storyboard */,
				14D7E5B11EEC2E4E0032035A /* Info.plist */,
			);
			path = MemoApp;
			sourceTree = "<group>";
		};
/* End PBXGroup section */

/* Begin PBXNativeTarget section */
		14D7E5A11EEC2E4E0032035A /* MemoApp */ = {
			isa = PBXNativeTarget;
			buildConfigurationList = 14D7E5B41EEC2E4E0032035A /* Build configuration list for PBXNativeTarget "MemoApp" */;
			buildPhases = (
				14D7E59E1EEC2E4E0032035A /* Sources */,
				14D7E59F1EEC2E4E0032035A /* Frameworks */,
				14D7E5A01EEC2E4E0032035A /* Resources */,
			);
			buildRules = (
			);
			dependencies = (
			);
			name = MemoApp;
			productName = MemoApp;
			productReference = 14D7E5A21EEC2E4E0032035A /* MemoApp.app */;
			productType = "com.apple.product-type.application";
		};
/* End PBXNativeTarget section */

/* Begin PBXProject section */
		14D7E59A1EEC2E4E0032035A /* Project object */ = {
			isa = PBXProject;
			attributes = {
				LastSwiftUpdateCheck = 0830;
				LastUpgradeCheck = 0830;
				ORGANIZATIONNAME = IosCamp;
				TargetAttributes = {
					14D7E5A11EEC2E4E0032035A = {
						CreatedOnToolsVersion = 8.3.2;
						ProvisioningStyle = Automatic;
					};
				};
			};
			buildConfigurationList = 14D7E59D1EEC2E4E0032035A /* Build configuration list for PBXProject "MemoApp" */;
			compatibilityVersion = "Xcode 3.2";
			developmentRegion = English;
			hasScannedForEncodings = 0;
			knownRegions = (
				en,
				Base,
			);
			mainGroup = 14D7E5991EEC2E4E0032035A;
			productRefGroup = 14D7E5A31EEC2E4E0032035A /* Products */;
			projectDirPath = "";
			projectRoot = "";
			targets = (
				14D7E5A11EEC2E4E0032035A /* MemoApp */,
			);
		};
/* End PBXProject section */

/* Begin PBXResourcesBuildPhase section */
		14D7E5A01EEC2E4E0032035A /* Resources */ = {
			isa = PBXResourcesBuildPhase;
			buildActionMask = 2147483647;
			files = (
				14D7E5C71EEC36420032035A /* Main.storyboard in Resources */,
				14D7E5BE1EEC31800032035A /* password.png in Resources */,
				14D7E5BD1EEC31800032035A /* Back.png in Resources */,
				14D7E5BC1EEC31800032035A /* pineapple.png in Resources */,
				14D7E5B01EEC2E4E0032035A /* LaunchScreen.storyboard in Resources */,
				14D7E5BB1EEC31800032035A /* login.png in Resources */,
				14D7E5AD1EEC2E4E0032035A /* Assets.xcassets in Resources */,
			);
			runOnlyForDeploymentPostprocessing = 0;
		};
/* End PBXResourcesBuildPhase section */

/* Begin PBXSourcesBuildPhase section */
		14D7E59E1EEC2E4E0032035A /* Sources */ = {
			isa = PBXSourcesBuildPhase;
			buildActionMask = 2147483647;
			files = (
				1489D6B71EF2D9B100881476 /* LoginViewController.swift in Sources */,
				14D7E5CF1EEC3E7C0032035A /* MemoDetailViewController.swift in Sources */,
				14D7E5CB1EEC36A90032035A /* SignUpViewController.swift in Sources */,
				14D7E5D11EEC40A50032035A /* Defaults.swift in Sources */,
				14D7E5CD1EEC3D050032035A /* MemoTableViewController.swift in Sources */,
				14D7E5A61EEC2E4E0032035A /* AppDelegate.swift in Sources */,
			);
			runOnlyForDeploymentPostprocessing = 0;
		};
/* End PBXSourcesBuildPhase section */

/* Begin PBXVariantGroup section */
		14D7E5AE1EEC2E4E0032035A /* LaunchScreen.storyboard */ = {
			isa = PBXVariantGroup;
			children = (
				14D7E5AF1EEC2E4E0032035A /* Base */,
			);
			name = LaunchScreen.storyboard;
			sourceTree = "<group>";
		};
/* End PBXVariantGroup section */

/* Begin XCBuildConfiguration section */
		14D7E5B21EEC2E4E0032035A /* Debug */ = {
			isa = XCBuildConfiguration;
			buildSettings = {
				ALWAYS_SEARCH_USER_PATHS = NO;
				CLANG_ANALYZER_NONNULL = YES;
				CLANG_ANALYZER_NUMBER_OBJECT_CONVERSION = YES_AGGRESSIVE;
				CLANG_CXX_LANGUAGE_STANDARD = "gnu++0x";
				CLANG_CXX_LIBRARY = "libc++";
				CLANG_ENABLE_MODULES = YES;
				CLANG_ENABLE_OBJC_ARC = YES;
				CLANG_WARN_BOOL_CONVERSION = YES;
				CLANG_WARN_CONSTANT_CONVERSION = YES;
				CLANG_WARN_DIRECT_OBJC_ISA_USAGE = YES_ERROR;
				CLANG_WARN_DOCUMENTATION_COMMENTS = YES;
				CLANG_WARN_EMPTY_BODY = YES;
				CLANG_WARN_ENUM_CONVERSION = YES;
				CLANG_WARN_INFINITE_RECURSION = YES;
				CLANG_WARN_INT_CONVERSION = YES;
				CLANG_WARN_OBJC_ROOT_CLASS = YES_ERROR;
				CLANG_WARN_SUSPICIOUS_MOVE = YES;
				CLANG_WARN_UNREACHABLE_CODE = YES;
				CLANG_WARN__DUPLICATE_METHOD_MATCH = YES;
				"CODE_SIGN_IDENTITY[sdk=iphoneos*]" = "iPhone Developer";
				COPY_PHASE_STRIP = NO;
				DEBUG_INFORMATION_FORMAT = dwarf;
				ENABLE_STRICT_OBJC_MSGSEND = YES;
				ENABLE_TESTABILITY = YES;
				GCC_C_LANGUAGE_STANDARD = gnu99;
				GCC_DYNAMIC_NO_PIC = NO;
				GCC_NO_COMMON_BLOCKS = YES;
				GCC_OPTIMIZATION_LEVEL = 0;
				GCC_PREPROCESSOR_DEFINITIONS = (
					"DEBUG=1",
					"$(inherited)",
				);
				GCC_WARN_64_TO_32_BIT_CONVERSION = YES;
				GCC_WARN_ABOUT_RETURN_TYPE = YES_ERROR;
				GCC_WARN_UNDECLARED_SELECTOR = YES;
				GCC_WARN_UNINITIALIZED_AUTOS = YES_AGGRESSIVE;
				GCC_WARN_UNUSED_FUNCTION = YES;
				GCC_WARN_UNUSED_VARIABLE = YES;
				IPHONEOS_DEPLOYMENT_TARGET = 10.3;
				MTL_ENABLE_DEBUG_INFO = YES;
				ONLY_ACTIVE_ARCH = YES;
				SDKROOT = iphoneos;
				SWIFT_ACTIVE_COMPILATION_CONDITIONS = DEBUG;
				SWIFT_OPTIMIZATION_LEVEL = "-Onone";
			};
			name = Debug;
		};
		14D7E5B31EEC2E4E0032035A /* Release */ = {
			isa = XCBuildConfiguration;
			buildSettings = {
				ALWAYS_SEARCH_USER_PATHS = NO;
				CLANG_ANALYZER_NONNULL = YES;
				CLANG_ANALYZER_NUMBER_OBJECT_CONVERSION = YES_AGGRESSIVE;
				CLANG_CXX_LANGUAGE_STANDARD = "gnu++0x";
				CLANG_CXX_LIBRARY = "libc++";
				CLANG_ENABLE_MODULES = YES;
				CLANG_ENABLE_OBJC_ARC = YES;
				CLANG_WARN_BOOL_CONVERSION = YES;
				CLANG_WARN_CONSTANT_CONVERSION = YES;
				CLANG_WARN_DIRECT_OBJC_ISA_USAGE = YES_ERROR;
				CLANG_WARN_DOCUMENTATION_COMMENTS = YES;
				CLANG_WARN_EMPTY_BODY = YES;
				CLANG_WARN_ENUM_CONVERSION = YES;
				CLANG_WARN_INFINITE_RECURSION = YES;
				CLANG_WARN_INT_CONVERSION = YES;
				CLANG_WARN_OBJC_ROOT_CLASS = YES_ERROR;
				CLANG_WARN_SUSPICIOUS_MOVE = YES;
				CLANG_WARN_UNREACHABLE_CODE = YES;
				CLANG_WARN__DUPLICATE_METHOD_MATCH = YES;
				"CODE_SIGN_IDENTITY[sdk=iphoneos*]" = "iPhone Developer";
				COPY_PHASE_STRIP = NO;
				DEBUG_INFORMATION_FORMAT = "dwarf-with-dsym";
				ENABLE_NS_ASSERTIONS = NO;
				ENABLE_STRICT_OBJC_MSGSEND = YES;
				GCC_C_LANGUAGE_STANDARD = gnu99;
				GCC_NO_COMMON_BLOCKS = YES;
				GCC_WARN_64_TO_32_BIT_CONVERSION = YES;
				GCC_WARN_ABOUT_RETURN_TYPE = YES_ERROR;
				GCC_WARN_UNDECLARED_SELECTOR = YES;
				GCC_WARN_UNINITIALIZED_AUTOS = YES_AGGRESSIVE;
				GCC_WARN_UNUSED_FUNCTION = YES;
				GCC_WARN_UNUSED_VARIABLE = YES;
				IPHONEOS_DEPLOYMENT_TARGET = 10.3;
				MTL_ENABLE_DEBUG_INFO = NO;
				SDKROOT = iphoneos;
				SWIFT_OPTIMIZATION_LEVEL = "-Owholemodule";
				VALIDATE_PRODUCT = YES;
			};
			name = Release;
		};
		14D7E5B51EEC2E4E0032035A /* Debug */ = {
			isa = XCBuildConfiguration;
			buildSettings = {
				ASSETCATALOG_COMPILER_APPICON_NAME = AppIcon;
				INFOPLIST_FILE = MemoApp/Info.plist;
				LD_RUNPATH_SEARCH_PATHS = "$(inherited) @executable_path/Frameworks";
				PRODUCT_BUNDLE_IDENTIFIER = com.example.MemoApp;
				PRODUCT_NAME = "$(TARGET_NAME)";
				SWIFT_VERSION = 3.0;
			};
			name = Debug;
		};
		14D7E5B61EEC2E4E0032035A /* Release */ = {
			isa = XCBuildConfiguration;
			buildSettings = {
				ASSETCATALOG_COMPILER_APPICON_NAME = AppIcon;
				INFOPLIST_FILE = MemoApp/Info.plist;
				LD_RUNPATH_SEARCH_PATHS = "$(inherited) @executable_path/Frameworks";
				PRODUCT_BUNDLE_IDENTIFIER = com.example.MemoApp;
				PRODUCT_NAME = "$(TARGET_NAME)";
				SWIFT_VERSION = 3.0;
			};
			name = Release;
		};
/* End XCBuildConfiguration section */

/* Begin XCConfigurationList section */
		14D7E59D1EEC2E4E0032035A /* Build configuration list for PBXProject "MemoApp" */ = {
			isa = XCConfigurationList;
			buildConfigurations = (
				14D7E5B21EEC2E4E0032035A /* Debug */,
				14D7E5B31EEC2E4E0032035A /* Release */,
			);
			defaultConfigurationIsVisible = 0;
			defaultConfigurationName = Release;
		};
		14D7E5B41EEC2E4E0032035A /* Build configuration list for PBXNativeTarget "MemoApp" */ = {
			isa = XCConfigurationList;
			buildConfigurations = (
				14D7E5B51EEC2E4E0032035A /* Debug */,
				14D7E5B61EEC2E4E0032035A /* Release */,
			);
			defaultConfigurationIsVisible = 0;
			defaultConfigurationName = Release;
		};
/* End XCConfigurationList section */
	};
	rootObject = 14D7E59A1EEC2E4E0032035A /* Project object */;
}
