// !$*UTF8*$!
{
	archiveVersion = 1;
	classes = {
	};
	objectVersion = 46;
	objects = {

/* Begin PBXBuildFile section */
		1489D6E31EF3A73E00881476 /* AppDelegate.swift in Sources */ = {isa = PBXBuildFile; fileRef = 1489D6E21EF3A73E00881476 /* AppDelegate.swift */; };
		1489D6E51EF3A73E00881476 /* ViewController.swift in Sources */ = {isa = PBXBuildFile; fileRef = 1489D6E41EF3A73E00881476 /* ViewController.swift */; };
		1489D6E81EF3A73E00881476 /* Main.storyboard in Resources */ = {isa = PBXBuildFile; fileRef = 1489D6E61EF3A73E00881476 /* Main.storyboard */; };
		1489D6EA1EF3A73E00881476 /* Assets.xcassets in Resources */ = {isa = PBXBuildFile; fileRef = 1489D6E91EF3A73E00881476 /* Assets.xcassets */; };
		1489D6ED1EF3A73E00881476 /* LaunchScreen.storyboard in Resources */ = {isa = PBXBuildFile; fileRef = 1489D6EB1EF3A73E00881476 /* LaunchScreen.storyboard */; };
		1489D6F51EF3BF6B00881476 /* SampleClass.swift in Sources */ = {isa = PBXBuildFile; fileRef = 1489D6F41EF3BF6B00881476 /* SampleClass.swift */; };
		14F37DBB1EF8075300D6ACDB /* Item.swift in Sources */ = {isa = PBXBuildFile; fileRef = 14F37DBA1EF8075300D6ACDB /* Item.swift */; };
		14F37DBD1EF8083500D6ACDB /* VendingMachine.swift in Sources */ = {isa = PBXBuildFile; fileRef = 14F37DBC1EF8083500D6ACDB /* VendingMachine.swift */; };
		14F37DBF1EF80C8600D6ACDB /* FavorintSnacks.swift in Sources */ = {isa = PBXBuildFile; fileRef = 14F37DBE1EF80C8600D6ACDB /* FavorintSnacks.swift */; };
/* End PBXBuildFile section */

/* Begin PBXFileReference section */
		1489D6DF1EF3A73E00881476 /* Error.app */ = {isa = PBXFileReference; explicitFileType = wrapper.application; includeInIndex = 0; path = Error.app; sourceTree = BUILT_PRODUCTS_DIR; };
		1489D6E21EF3A73E00881476 /* AppDelegate.swift */ = {isa = PBXFileReference; lastKnownFileType = sourcecode.swift; path = AppDelegate.swift; sourceTree = "<group>"; };
		1489D6E41EF3A73E00881476 /* ViewController.swift */ = {isa = PBXFileReference; lastKnownFileType = sourcecode.swift; path = ViewController.swift; sourceTree = "<group>"; };
		1489D6E71EF3A73E00881476 /* Base */ = {isa = PBXFileReference; lastKnownFileType = file.storyboard; name = Base; path = Base.lproj/Main.storyboard; sourceTree = "<group>"; };
		1489D6E91EF3A73E00881476 /* Assets.xcassets */ = {isa = PBXFileReference; lastKnownFileType = folder.assetcatalog; path = Assets.xcassets; sourceTree = "<group>"; };
		1489D6EC1EF3A73E00881476 /* Base */ = {isa = PBXFileReference; lastKnownFileType = file.storyboard; name = Base; path = Base.lproj/LaunchScreen.storyboard; sourceTree = "<group>"; };
		1489D6EE1EF3A73E00881476 /* Info.plist */ = {isa = PBXFileReference; lastKnownFileType = text.plist.xml; path = Info.plist; sourceTree = "<group>"; };
		1489D6F41EF3BF6B00881476 /* SampleClass.swift */ = {isa = PBXFileReference; fileEncoding = 4; lastKnownFileType = sourcecode.swift; path = SampleClass.swift; sourceTree = "<group>"; };
		14F37DBA1EF8075300D6ACDB /* Item.swift */ = {isa = PBXFileReference; fileEncoding = 4; lastKnownFileType = sourcecode.swift; path = Item.swift; sourceTree = "<group>"; };
		14F37DBC1EF8083500D6ACDB /* VendingMachine.swift */ = {isa = PBXFileReference; fileEncoding = 4; lastKnownFileType = sourcecode.swift; path = VendingMachine.swift; sourceTree = "<group>"; };
		14F37DBE1EF80C8600D6ACDB /* FavorintSnacks.swift */ = {isa = PBXFileReference; fileEncoding = 4; lastKnownFileType = sourcecode.swift; path = FavorintSnacks.swift; sourceTree = "<group>"; };
/* End PBXFileReference section */

/* Begin PBXFrameworksBuildPhase section */
		1489D6DC1EF3A73E00881476 /* Frameworks */ = {
			isa = PBXFrameworksBuildPhase;
			buildActionMask = 2147483647;
			files = (
			);
			runOnlyForDeploymentPostprocessing = 0;
		};
/* End PBXFrameworksBuildPhase section */

/* Begin PBXGroup section */
		1489D6D61EF3A73D00881476 = {
			isa = PBXGroup;
			children = (
				1489D6E11EF3A73E00881476 /* Error */,
				1489D6E01EF3A73E00881476 /* Products */,
			);
			sourceTree = "<group>";
		};
		1489D6E01EF3A73E00881476 /* Products */ = {
			isa = PBXGroup;
			children = (
				1489D6DF1EF3A73E00881476 /* Error.app */,
			);
			name = Products;
			sourceTree = "<group>";
		};
		1489D6E11EF3A73E00881476 /* Error */ = {
			isa = PBXGroup;
			children = (
				1489D6E21EF3A73E00881476 /* AppDelegate.swift */,
				1489D6E41EF3A73E00881476 /* ViewController.swift */,
				14F37DBA1EF8075300D6ACDB /* Item.swift */,
				14F37DBC1EF8083500D6ACDB /* VendingMachine.swift */,
				14F37DBE1EF80C8600D6ACDB /* FavorintSnacks.swift */,
				1489D6F41EF3BF6B00881476 /* SampleClass.swift */,
				1489D6E61EF3A73E00881476 /* Main.storyboard */,
				1489D6E91EF3A73E00881476 /* Assets.xcassets */,
				1489D6EB1EF3A73E00881476 /* LaunchScreen.storyboard */,
				1489D6EE1EF3A73E00881476 /* Info.plist */,
			);
			path = Error;
			sourceTree = "<group>";
		};
/* End PBXGroup section */

/* Begin PBXNativeTarget section */
		1489D6DE1EF3A73E00881476 /* Error */ = {
			isa = PBXNativeTarget;
			buildConfigurationList = 1489D6F11EF3A73E00881476 /* Build configuration list for PBXNativeTarget "Error" */;
			buildPhases = (
				1489D6DB1EF3A73E00881476 /* Sources */,
				1489D6DC1EF3A73E00881476 /* Frameworks */,
				1489D6DD1EF3A73E00881476 /* Resources */,
			);
			buildRules = (
			);
			dependencies = (
			);
			name = Error;
			productName = Error;
			productReference = 1489D6DF1EF3A73E00881476 /* Error.app */;
			productType = "com.apple.product-type.application";
		};
/* End PBXNativeTarget section */

/* Begin PBXProject section */
		1489D6D71EF3A73D00881476 /* Project object */ = {
			isa = PBXProject;
			attributes = {
				LastSwiftUpdateCheck = 0830;
				LastUpgradeCheck = 0830;
				ORGANIZATIONNAME = IosCamp;
				TargetAttributes = {
					1489D6DE1EF3A73E00881476 = {
						CreatedOnToolsVersion = 8.3.3;
						ProvisioningStyle = Automatic;
					};
				};
			};
			buildConfigurationList = 1489D6DA1EF3A73D00881476 /* Build configuration list for PBXProject "Error" */;
			compatibilityVersion = "Xcode 3.2";
			developmentRegion = English;
			hasScannedForEncodings = 0;
			knownRegions = (
				en,
				Base,
			);
			mainGroup = 1489D6D61EF3A73D00881476;
			productRefGroup = 1489D6E01EF3A73E00881476 /* Products */;
			projectDirPath = "";
			projectRoot = "";
			targets = (
				1489D6DE1EF3A73E00881476 /* Error */,
			);
		};
/* End PBXProject section */

/* Begin PBXResourcesBuildPhase section */
		1489D6DD1EF3A73E00881476 /* Resources */ = {
			isa = PBXResourcesBuildPhase;
			buildActionMask = 2147483647;
			files = (
				1489D6ED1EF3A73E00881476 /* LaunchScreen.storyboard in Resources */,
				1489D6EA1EF3A73E00881476 /* Assets.xcassets in Resources */,
				1489D6E81EF3A73E00881476 /* Main.storyboard in Resources */,
			);
			runOnlyForDeploymentPostprocessing = 0;
		};
/* End PBXResourcesBuildPhase section */

/* Begin PBXSourcesBuildPhase section */
		1489D6DB1EF3A73E00881476 /* Sources */ = {
			isa = PBXSourcesBuildPhase;
			buildActionMask = 2147483647;
			files = (
				14F37DBD1EF8083500D6ACDB /* VendingMachine.swift in Sources */,
				14F37DBF1EF80C8600D6ACDB /* FavorintSnacks.swift in Sources */,
				14F37DBB1EF8075300D6ACDB /* Item.swift in Sources */,
				1489D6E51EF3A73E00881476 /* ViewController.swift in Sources */,
				1489D6F51EF3BF6B00881476 /* SampleClass.swift in Sources */,
				1489D6E31EF3A73E00881476 /* AppDelegate.swift in Sources */,
			);
			runOnlyForDeploymentPostprocessing = 0;
		};
/* End PBXSourcesBuildPhase section */

/* Begin PBXVariantGroup section */
		1489D6E61EF3A73E00881476 /* Main.storyboard */ = {
			isa = PBXVariantGroup;
			children = (
				1489D6E71EF3A73E00881476 /* Base */,
			);
			name = Main.storyboard;
			sourceTree = "<group>";
		};
		1489D6EB1EF3A73E00881476 /* LaunchScreen.storyboard */ = {
			isa = PBXVariantGroup;
			children = (
				1489D6EC1EF3A73E00881476 /* Base */,
			);
			name = LaunchScreen.storyboard;
			sourceTree = "<group>";
		};
/* End PBXVariantGroup section */

/* Begin XCBuildConfiguration section */
		1489D6EF1EF3A73E00881476 /* Debug */ = {
			isa = XCBuildConfiguration;
			buildSettings = {
				ALWAYS_SEARCH_USER_PATHS = NO;
				CLANG_ANALYZER_NONNULL = YES;
				CLANG_ANALYZER_NUMBER_OBJECT_CONVERSION = YES_AGGRESSIVE;
				CLANG_CXX_LANGUAGE_STANDARD = "gnu++0x";
				CLANG_CXX_LIBRARY = "libc++";
				CLANG_ENABLE_MODULES = YES;
				CLANG_ENABLE_OBJC_ARC = YES;
				CLANG_WARN_BOOL_CONVERSION = YES;
				CLANG_WARN_CONSTANT_CONVERSION = YES;
				CLANG_WARN_DIRECT_OBJC_ISA_USAGE = YES_ERROR;
				CLANG_WARN_DOCUMENTATION_COMMENTS = YES;
				CLANG_WARN_EMPTY_BODY = YES;
				CLANG_WARN_ENUM_CONVERSION = YES;
				CLANG_WARN_INFINITE_RECURSION = YES;
				CLANG_WARN_INT_CONVERSION = YES;
				CLANG_WARN_OBJC_ROOT_CLASS = YES_ERROR;
				CLANG_WARN_SUSPICIOUS_MOVE = YES;
				CLANG_WARN_UNREACHABLE_CODE = YES;
				CLANG_WARN__DUPLICATE_METHOD_MATCH = YES;
				"CODE_SIGN_IDENTITY[sdk=iphoneos*]" = "iPhone Developer";
				COPY_PHASE_STRIP = NO;
				DEBUG_INFORMATION_FORMAT = dwarf;
				ENABLE_STRICT_OBJC_MSGSEND = YES;
				ENABLE_TESTABILITY = YES;
				GCC_C_LANGUAGE_STANDARD = gnu99;
				GCC_DYNAMIC_NO_PIC = NO;
				GCC_NO_COMMON_BLOCKS = YES;
				GCC_OPTIMIZATION_LEVEL = 0;
				GCC_PREPROCESSOR_DEFINITIONS = (
					"DEBUG=1",
					"$(inherited)",
				);
				GCC_WARN_64_TO_32_BIT_CONVERSION = YES;
				GCC_WARN_ABOUT_RETURN_TYPE = YES_ERROR;
				GCC_WARN_UNDECLARED_SELECTOR = YES;
				GCC_WARN_UNINITIALIZED_AUTOS = YES_AGGRESSIVE;
				GCC_WARN_UNUSED_FUNCTION = YES;
				GCC_WARN_UNUSED_VARIABLE = YES;
				IPHONEOS_DEPLOYMENT_TARGET = 10.3;
				MTL_ENABLE_DEBUG_INFO = YES;
				ONLY_ACTIVE_ARCH = YES;
				SDKROOT = iphoneos;
				SWIFT_ACTIVE_COMPILATION_CONDITIONS = DEBUG;
				SWIFT_OPTIMIZATION_LEVEL = "-Onone";
			};
			name = Debug;
		};
		1489D6F01EF3A73E00881476 /* Release */ = {
			isa = XCBuildConfiguration;
			buildSettings = {
				ALWAYS_SEARCH_USER_PATHS = NO;
				CLANG_ANALYZER_NONNULL = YES;
				CLANG_ANALYZER_NUMBER_OBJECT_CONVERSION = YES_AGGRESSIVE;
				CLANG_CXX_LANGUAGE_STANDARD = "gnu++0x";
				CLANG_CXX_LIBRARY = "libc++";
				CLANG_ENABLE_MODULES = YES;
				CLANG_ENABLE_OBJC_ARC = YES;
				CLANG_WARN_BOOL_CONVERSION = YES;
				CLANG_WARN_CONSTANT_CONVERSION = YES;
				CLANG_WARN_DIRECT_OBJC_ISA_USAGE = YES_ERROR;
				CLANG_WARN_DOCUMENTATION_COMMENTS = YES;
				CLANG_WARN_EMPTY_BODY = YES;
				CLANG_WARN_ENUM_CONVERSION = YES;
				CLANG_WARN_INFINITE_RECURSION = YES;
				CLANG_WARN_INT_CONVERSION = YES;
				CLANG_WARN_OBJC_ROOT_CLASS = YES_ERROR;
				CLANG_WARN_SUSPICIOUS_MOVE = YES;
				CLANG_WARN_UNREACHABLE_CODE = YES;
				CLANG_WARN__DUPLICATE_METHOD_MATCH = YES;
				"CODE_SIGN_IDENTITY[sdk=iphoneos*]" = "iPhone Developer";
				COPY_PHASE_STRIP = NO;
				DEBUG_INFORMATION_FORMAT = "dwarf-with-dsym";
				ENABLE_NS_ASSERTIONS = NO;
				ENABLE_STRICT_OBJC_MSGSEND = YES;
				GCC_C_LANGUAGE_STANDARD = gnu99;
				GCC_NO_COMMON_BLOCKS = YES;
				GCC_WARN_64_TO_32_BIT_CONVERSION = YES;
				GCC_WARN_ABOUT_RETURN_TYPE = YES_ERROR;
				GCC_WARN_UNDECLARED_SELECTOR = YES;
				GCC_WARN_UNINITIALIZED_AUTOS = YES_AGGRESSIVE;
				GCC_WARN_UNUSED_FUNCTION = YES;
				GCC_WARN_UNUSED_VARIABLE = YES;
				IPHONEOS_DEPLOYMENT_TARGET = 10.3;
				MTL_ENABLE_DEBUG_INFO = NO;
				SDKROOT = iphoneos;
				SWIFT_OPTIMIZATION_LEVEL = "-Owholemodule";
				VALIDATE_PRODUCT = YES;
			};
			name = Release;
		};
		1489D6F21EF3A73E00881476 /* Debug */ = {
			isa = XCBuildConfiguration;
			buildSettings = {
				ASSETCATALOG_COMPILER_APPICON_NAME = AppIcon;
				INFOPLIST_FILE = Error/Info.plist;
				LD_RUNPATH_SEARCH_PATHS = "$(inherited) @executable_path/Frameworks";
				PRODUCT_BUNDLE_IDENTIFIER = com.example.Error;
				PRODUCT_NAME = "$(TARGET_NAME)";
				SWIFT_VERSION = 3.0;
			};
			name = Debug;
		};
		1489D6F31EF3A73E00881476 /* Release */ = {
			isa = XCBuildConfiguration;
			buildSettings = {
				ASSETCATALOG_COMPILER_APPICON_NAME = AppIcon;
				INFOPLIST_FILE = Error/Info.plist;
				LD_RUNPATH_SEARCH_PATHS = "$(inherited) @executable_path/Frameworks";
				PRODUCT_BUNDLE_IDENTIFIER = com.example.Error;
				PRODUCT_NAME = "$(TARGET_NAME)";
				SWIFT_VERSION = 3.0;
			};
			name = Release;
		};
/* End XCBuildConfiguration section */

/* Begin XCConfigurationList section */
		1489D6DA1EF3A73D00881476 /* Build configuration list for PBXProject "Error" */ = {
			isa = XCConfigurationList;
			buildConfigurations = (
				1489D6EF1EF3A73E00881476 /* Debug */,
				1489D6F01EF3A73E00881476 /* Release */,
			);
			defaultConfigurationIsVisible = 0;
			defaultConfigurationName = Release;
		};
		1489D6F11EF3A73E00881476 /* Build configuration list for PBXNativeTarget "Error" */ = {
			isa = XCConfigurationList;
			buildConfigurations = (
				1489D6F21EF3A73E00881476 /* Debug */,
				1489D6F31EF3A73E00881476 /* Release */,
			);
			defaultConfigurationIsVisible = 0;
			defaultConfigurationName = Release;
		};
/* End XCConfigurationList section */
	};
	rootObject = 1489D6D71EF3A73D00881476 /* Project object */;
}
