// !$*UTF8*$!
{
	archiveVersion = 1;
	classes = {
	};
	objectVersion = 46;
	objects = {

/* Begin PBXBuildFile section */
		146C73971ECBDC8B00E2130B /* AppDelegate.swift in Sources */ = {isa = PBXBuildFile; fileRef = 146C73961ECBDC8B00E2130B /* AppDelegate.swift */; };
		146C73991ECBDC8B00E2130B /* ViewController.swift in Sources */ = {isa = PBXBuildFile; fileRef = 146C73981ECBDC8B00E2130B /* ViewController.swift */; };
		146C739C1ECBDC8B00E2130B /* Main.storyboard in Resources */ = {isa = PBXBuildFile; fileRef = 146C739A1ECBDC8B00E2130B /* Main.storyboard */; };
		146C739E1ECBDC8B00E2130B /* Assets.xcassets in Resources */ = {isa = PBXBuildFile; fileRef = 146C739D1ECBDC8B00E2130B /* Assets.xcassets */; };
		146C73A11ECBDC8B00E2130B /* LaunchScreen.storyboard in Resources */ = {isa = PBXBuildFile; fileRef = 146C739F1ECBDC8B00E2130B /* LaunchScreen.storyboard */; };
/* End PBXBuildFile section */

/* Begin PBXFileReference section */
		146C73931ECBDC8B00E2130B /* PraticingProject.app */ = {isa = PBXFileReference; explicitFileType = wrapper.application; includeInIndex = 0; path = PraticingProject.app; sourceTree = BUILT_PRODUCTS_DIR; };
		146C73961ECBDC8B00E2130B /* AppDelegate.swift */ = {isa = PBXFileReference; lastKnownFileType = sourcecode.swift; path = AppDelegate.swift; sourceTree = "<group>"; };
		146C73981ECBDC8B00E2130B /* ViewController.swift */ = {isa = PBXFileReference; lastKnownFileType = sourcecode.swift; path = ViewController.swift; sourceTree = "<group>"; };
		146C739B1ECBDC8B00E2130B /* Base */ = {isa = PBXFileReference; lastKnownFileType = file.storyboard; name = Base; path = Base.lproj/Main.storyboard; sourceTree = "<group>"; };
		146C739D1ECBDC8B00E2130B /* Assets.xcassets */ = {isa = PBXFileReference; lastKnownFileType = folder.assetcatalog; path = Assets.xcassets; sourceTree = "<group>"; };
		146C73A01ECBDC8B00E2130B /* Base */ = {isa = PBXFileReference; lastKnownFileType = file.storyboard; name = Base; path = Base.lproj/LaunchScreen.storyboard; sourceTree = "<group>"; };
		146C73A21ECBDC8B00E2130B /* Info.plist */ = {isa = PBXFileReference; lastKnownFileType = text.plist.xml; path = Info.plist; sourceTree = "<group>"; };
/* End PBXFileReference section */

/* Begin PBXFrameworksBuildPhase section */
		146C73901ECBDC8B00E2130B /* Frameworks */ = {
			isa = PBXFrameworksBuildPhase;
			buildActionMask = 2147483647;
			files = (
			);
			runOnlyForDeploymentPostprocessing = 0;
		};
/* End PBXFrameworksBuildPhase section */

/* Begin PBXGroup section */
		146C738A1ECBDC8B00E2130B = {
			isa = PBXGroup;
			children = (
				146C73951ECBDC8B00E2130B /* PraticingProject */,
				146C73941ECBDC8B00E2130B /* Products */,
			);
			sourceTree = "<group>";
		};
		146C73941ECBDC8B00E2130B /* Products */ = {
			isa = PBXGroup;
			children = (
				146C73931ECBDC8B00E2130B /* PraticingProject.app */,
			);
			name = Products;
			sourceTree = "<group>";
		};
		146C73951ECBDC8B00E2130B /* PraticingProject */ = {
			isa = PBXGroup;
			children = (
				146C73961ECBDC8B00E2130B /* AppDelegate.swift */,
				146C73981ECBDC8B00E2130B /* ViewController.swift */,
				146C739A1ECBDC8B00E2130B /* Main.storyboard */,
				146C739D1ECBDC8B00E2130B /* Assets.xcassets */,
				146C739F1ECBDC8B00E2130B /* LaunchScreen.storyboard */,
				146C73A21ECBDC8B00E2130B /* Info.plist */,
			);
			path = PraticingProject;
			sourceTree = "<group>";
		};
/* End PBXGroup section */

/* Begin PBXNativeTarget section */
		146C73921ECBDC8B00E2130B /* PraticingProject */ = {
			isa = PBXNativeTarget;
			buildConfigurationList = 146C73A51ECBDC8B00E2130B /* Build configuration list for PBXNativeTarget "PraticingProject" */;
			buildPhases = (
				146C738F1ECBDC8B00E2130B /* Sources */,
				146C73901ECBDC8B00E2130B /* Frameworks */,
				146C73911ECBDC8B00E2130B /* Resources */,
			);
			buildRules = (
			);
			dependencies = (
			);
			name = PraticingProject;
			productName = PraticingProject;
			productReference = 146C73931ECBDC8B00E2130B /* PraticingProject.app */;
			productType = "com.apple.product-type.application";
		};
/* End PBXNativeTarget section */

/* Begin PBXProject section */
		146C738B1ECBDC8B00E2130B /* Project object */ = {
			isa = PBXProject;
			attributes = {
				LastSwiftUpdateCheck = 0830;
				LastUpgradeCheck = 0830;
				ORGANIZATIONNAME = IosCamp;
				TargetAttributes = {
					146C73921ECBDC8B00E2130B = {
						CreatedOnToolsVersion = 8.3.2;
						ProvisioningStyle = Automatic;
					};
				};
			};
			buildConfigurationList = 146C738E1ECBDC8B00E2130B /* Build configuration list for PBXProject "PraticingProject" */;
			compatibilityVersion = "Xcode 3.2";
			developmentRegion = English;
			hasScannedForEncodings = 0;
			knownRegions = (
				en,
				Base,
			);
			mainGroup = 146C738A1ECBDC8B00E2130B;
			productRefGroup = 146C73941ECBDC8B00E2130B /* Products */;
			projectDirPath = "";
			projectRoot = "";
			targets = (
				146C73921ECBDC8B00E2130B /* PraticingProject */,
			);
		};
/* End PBXProject section */

/* Begin PBXResourcesBuildPhase section */
		146C73911ECBDC8B00E2130B /* Resources */ = {
			isa = PBXResourcesBuildPhase;
			buildActionMask = 2147483647;
			files = (
				146C73A11ECBDC8B00E2130B /* LaunchScreen.storyboard in Resources */,
				146C739E1ECBDC8B00E2130B /* Assets.xcassets in Resources */,
				146C739C1ECBDC8B00E2130B /* Main.storyboard in Resources */,
			);
			runOnlyForDeploymentPostprocessing = 0;
		};
/* End PBXResourcesBuildPhase section */

/* Begin PBXSourcesBuildPhase section */
		146C738F1ECBDC8B00E2130B /* Sources */ = {
			isa = PBXSourcesBuildPhase;
			buildActionMask = 2147483647;
			files = (
				146C73991ECBDC8B00E2130B /* ViewController.swift in Sources */,
				146C73971ECBDC8B00E2130B /* AppDelegate.swift in Sources */,
			);
			runOnlyForDeploymentPostprocessing = 0;
		};
/* End PBXSourcesBuildPhase section */

/* Begin PBXVariantGroup section */
		146C739A1ECBDC8B00E2130B /* Main.storyboard */ = {
			isa = PBXVariantGroup;
			children = (
				146C739B1ECBDC8B00E2130B /* Base */,
			);
			name = Main.storyboard;
			sourceTree = "<group>";
		};
		146C739F1ECBDC8B00E2130B /* LaunchScreen.storyboard */ = {
			isa = PBXVariantGroup;
			children = (
				146C73A01ECBDC8B00E2130B /* Base */,
			);
			name = LaunchScreen.storyboard;
			sourceTree = "<group>";
		};
/* End PBXVariantGroup section */

/* Begin XCBuildConfiguration section */
		146C73A31ECBDC8B00E2130B /* Debug */ = {
			isa = XCBuildConfiguration;
			buildSettings = {
				ALWAYS_SEARCH_USER_PATHS = NO;
				CLANG_ANALYZER_NONNULL = YES;
				CLANG_ANALYZER_NUMBER_OBJECT_CONVERSION = YES_AGGRESSIVE;
				CLANG_CXX_LANGUAGE_STANDARD = "gnu++0x";
				CLANG_CXX_LIBRARY = "libc++";
				CLANG_ENABLE_MODULES = YES;
				CLANG_ENABLE_OBJC_ARC = YES;
				CLANG_WARN_BOOL_CONVERSION = YES;
				CLANG_WARN_CONSTANT_CONVERSION = YES;
				CLANG_WARN_DIRECT_OBJC_ISA_USAGE = YES_ERROR;
				CLANG_WARN_DOCUMENTATION_COMMENTS = YES;
				CLANG_WARN_EMPTY_BODY = YES;
				CLANG_WARN_ENUM_CONVERSION = YES;
				CLANG_WARN_INFINITE_RECURSION = YES;
				CLANG_WARN_INT_CONVERSION = YES;
				CLANG_WARN_OBJC_ROOT_CLASS = YES_ERROR;
				CLANG_WARN_SUSPICIOUS_MOVE = YES;
				CLANG_WARN_UNREACHABLE_CODE = YES;
				CLANG_WARN__DUPLICATE_METHOD_MATCH = YES;
				"CODE_SIGN_IDENTITY[sdk=iphoneos*]" = "iPhone Developer";
				COPY_PHASE_STRIP = NO;
				DEBUG_INFORMATION_FORMAT = dwarf;
				ENABLE_STRICT_OBJC_MSGSEND = YES;
				ENABLE_TESTABILITY = YES;
				GCC_C_LANGUAGE_STANDARD = gnu99;
				GCC_DYNAMIC_NO_PIC = NO;
				GCC_NO_COMMON_BLOCKS = YES;
				GCC_OPTIMIZATION_LEVEL = 0;
				GCC_PREPROCESSOR_DEFINITIONS = (
					"DEBUG=1",
					"$(inherited)",
				);
				GCC_WARN_64_TO_32_BIT_CONVERSION = YES;
				GCC_WARN_ABOUT_RETURN_TYPE = YES_ERROR;
				GCC_WARN_UNDECLARED_SELECTOR = YES;
				GCC_WARN_UNINITIALIZED_AUTOS = YES_AGGRESSIVE;
				GCC_WARN_UNUSED_FUNCTION = YES;
				GCC_WARN_UNUSED_VARIABLE = YES;
				IPHONEOS_DEPLOYMENT_TARGET = 10.3;
				MTL_ENABLE_DEBUG_INFO = YES;
				ONLY_ACTIVE_ARCH = YES;
				SDKROOT = iphoneos;
				SWIFT_ACTIVE_COMPILATION_CONDITIONS = DEBUG;
				SWIFT_OPTIMIZATION_LEVEL = "-Onone";
			};
			name = Debug;
		};
		146C73A41ECBDC8B00E2130B /* Release */ = {
			isa = XCBuildConfiguration;
			buildSettings = {
				ALWAYS_SEARCH_USER_PATHS = NO;
				CLANG_ANALYZER_NONNULL = YES;
				CLANG_ANALYZER_NUMBER_OBJECT_CONVERSION = YES_AGGRESSIVE;
				CLANG_CXX_LANGUAGE_STANDARD = "gnu++0x";
				CLANG_CXX_LIBRARY = "libc++";
				CLANG_ENABLE_MODULES = YES;
				CLANG_ENABLE_OBJC_ARC = YES;
				CLANG_WARN_BOOL_CONVERSION = YES;
				CLANG_WARN_CONSTANT_CONVERSION = YES;
				CLANG_WARN_DIRECT_OBJC_ISA_USAGE = YES_ERROR;
				CLANG_WARN_DOCUMENTATION_COMMENTS = YES;
				CLANG_WARN_EMPTY_BODY = YES;
				CLANG_WARN_ENUM_CONVERSION = YES;
				CLANG_WARN_INFINITE_RECURSION = YES;
				CLANG_WARN_INT_CONVERSION = YES;
				CLANG_WARN_OBJC_ROOT_CLASS = YES_ERROR;
				CLANG_WARN_SUSPICIOUS_MOVE = YES;
				CLANG_WARN_UNREACHABLE_CODE = YES;
				CLANG_WARN__DUPLICATE_METHOD_MATCH = YES;
				"CODE_SIGN_IDENTITY[sdk=iphoneos*]" = "iPhone Developer";
				COPY_PHASE_STRIP = NO;
				DEBUG_INFORMATION_FORMAT = "dwarf-with-dsym";
				ENABLE_NS_ASSERTIONS = NO;
				ENABLE_STRICT_OBJC_MSGSEND = YES;
				GCC_C_LANGUAGE_STANDARD = gnu99;
				GCC_NO_COMMON_BLOCKS = YES;
				GCC_WARN_64_TO_32_BIT_CONVERSION = YES;
				GCC_WARN_ABOUT_RETURN_TYPE = YES_ERROR;
				GCC_WARN_UNDECLARED_SELECTOR = YES;
				GCC_WARN_UNINITIALIZED_AUTOS = YES_AGGRESSIVE;
				GCC_WARN_UNUSED_FUNCTION = YES;
				GCC_WARN_UNUSED_VARIABLE = YES;
				IPHONEOS_DEPLOYMENT_TARGET = 10.3;
				MTL_ENABLE_DEBUG_INFO = NO;
				SDKROOT = iphoneos;
				SWIFT_OPTIMIZATION_LEVEL = "-Owholemodule";
				VALIDATE_PRODUCT = YES;
			};
			name = Release;
		};
		146C73A61ECBDC8B00E2130B /* Debug */ = {
			isa = XCBuildConfiguration;
			buildSettings = {
				ASSETCATALOG_COMPILER_APPICON_NAME = AppIcon;
				INFOPLIST_FILE = PraticingProject/Info.plist;
				LD_RUNPATH_SEARCH_PATHS = "$(inherited) @executable_path/Frameworks";
				PRODUCT_BUNDLE_IDENTIFIER = com.example.PraticingProject;
				PRODUCT_NAME = "$(TARGET_NAME)";
				SWIFT_VERSION = 3.0;
			};
			name = Debug;
		};
		146C73A71ECBDC8B00E2130B /* Release */ = {
			isa = XCBuildConfiguration;
			buildSettings = {
				ASSETCATALOG_COMPILER_APPICON_NAME = AppIcon;
				INFOPLIST_FILE = PraticingProject/Info.plist;
				LD_RUNPATH_SEARCH_PATHS = "$(inherited) @executable_path/Frameworks";
				PRODUCT_BUNDLE_IDENTIFIER = com.example.PraticingProject;
				PRODUCT_NAME = "$(TARGET_NAME)";
				SWIFT_VERSION = 3.0;
			};
			name = Release;
		};
/* End XCBuildConfiguration section */

/* Begin XCConfigurationList section */
		146C738E1ECBDC8B00E2130B /* Build configuration list for PBXProject "PraticingProject" */ = {
			isa = XCConfigurationList;
			buildConfigurations = (
				146C73A31ECBDC8B00E2130B /* Debug */,
				146C73A41ECBDC8B00E2130B /* Release */,
			);
			defaultConfigurationIsVisible = 0;
			defaultConfigurationName = Release;
		};
		146C73A51ECBDC8B00E2130B /* Build configuration list for PBXNativeTarget "PraticingProject" */ = {
			isa = XCConfigurationList;
			buildConfigurations = (
				146C73A61ECBDC8B00E2130B /* Debug */,
				146C73A71ECBDC8B00E2130B /* Release */,
			);
			defaultConfigurationIsVisible = 0;
		};
/* End XCConfigurationList section */
	};
	rootObject = 146C738B1ECBDC8B00E2130B /* Project object */;
}
